// !$*UTF8*$!
{
	archiveVersion = 1;
	classes = {
	};
	objectVersion = 46;
	objects = {

/* Begin PBXBuildFile section */
		BC16EDCA1DD079D400E9D08B /* more_icon.png in Resources */ = {isa = PBXBuildFile; fileRef = BC16EDC91DD079D400E9D08B /* more_icon.png */; };
		BC16EDCF1DD0B07A00E9D08B /* firstCell.swift in Sources */ = {isa = PBXBuildFile; fileRef = BC16EDCD1DD0B07A00E9D08B /* firstCell.swift */; };
		BC16EDD01DD0B07A00E9D08B /* firstCell.xib in Resources */ = {isa = PBXBuildFile; fileRef = BC16EDCE1DD0B07A00E9D08B /* firstCell.xib */; };
		BC2547C51DBE30E80090C718 /* Theme.swift in Sources */ = {isa = PBXBuildFile; fileRef = BC2547C41DBE30E80090C718 /* Theme.swift */; };
		BC5EFF5B1DC8519E00A467AE /* TwoCell.swift in Sources */ = {isa = PBXBuildFile; fileRef = BC5EFF591DC8519E00A467AE /* TwoCell.swift */; };
		BC5EFF5C1DC8519E00A467AE /* TwoCell.xib in Resources */ = {isa = PBXBuildFile; fileRef = BC5EFF5A1DC8519E00A467AE /* TwoCell.xib */; };
		BC682F0F1DBF5E110025B976 /* ic_tab_discover_27x27_@2x.png in Resources */ = {isa = PBXBuildFile; fileRef = BC682EE51DBF5E110025B976 /* ic_tab_discover_27x27_@2x.png */; };
		BC682F121DBF5E110025B976 /* ic_tab_discover_select_27x27_@2x.png in Resources */ = {isa = PBXBuildFile; fileRef = BC682EE81DBF5E110025B976 /* ic_tab_discover_select_27x27_@2x.png */; };
		BC682F151DBF5E110025B976 /* ic_tab_home_27x27_@2x.png in Resources */ = {isa = PBXBuildFile; fileRef = BC682EEB1DBF5E110025B976 /* ic_tab_home_27x27_@2x.png */; };
		BC682F181DBF5E110025B976 /* ic_tab_home_select_27x27_@2x.png in Resources */ = {isa = PBXBuildFile; fileRef = BC682EEE1DBF5E110025B976 /* ic_tab_home_select_27x27_@2x.png */; };
		BC682F1A1DBF5E110025B976 /* ic_tab_member_27x27_@2x.png in Resources */ = {isa = PBXBuildFile; fileRef = BC682EF01DBF5E110025B976 /* ic_tab_member_27x27_@2x.png */; };
		BC682F1C1DBF5E110025B976 /* ic_tab_member_select_27x27_@2x.png in Resources */ = {isa = PBXBuildFile; fileRef = BC682EF21DBF5E110025B976 /* ic_tab_member_select_27x27_@2x.png */; };
		BC682F1F1DBF5E110025B976 /* ic_tab_my_27x27_@2x.png in Resources */ = {isa = PBXBuildFile; fileRef = BC682EF51DBF5E110025B976 /* ic_tab_my_27x27_@2x.png */; };
		BC682F221DBF5E110025B976 /* ic_tab_my_select_27x27_@2x.png in Resources */ = {isa = PBXBuildFile; fileRef = BC682EF81DBF5E110025B976 /* ic_tab_my_select_27x27_@2x.png */; };
		BC682F251DBF5E110025B976 /* ic_tab_rss_27x27_@2x.png in Resources */ = {isa = PBXBuildFile; fileRef = BC682EFB1DBF5E110025B976 /* ic_tab_rss_27x27_@2x.png */; };
		BC682F281DBF5E110025B976 /* ic_tab_rss_select_27x27_@2x.png in Resources */ = {isa = PBXBuildFile; fileRef = BC682EFE1DBF5E110025B976 /* ic_tab_rss_select_27x27_@2x.png */; };
		BC682F2A1DBF5E110025B976 /* tab_1_up@2x.png in Resources */ = {isa = PBXBuildFile; fileRef = BC682F001DBF5E110025B976 /* tab_1_up@2x.png */; };
		BC682F2B1DBF5E110025B976 /* tab_3_up@2x.png in Resources */ = {isa = PBXBuildFile; fileRef = BC682F011DBF5E110025B976 /* tab_3_up@2x.png */; };
		BC682F2C1DBF5E110025B976 /* tab_5_up@2x.png in Resources */ = {isa = PBXBuildFile; fileRef = BC682F021DBF5E110025B976 /* tab_5_up@2x.png */; };
		BC682F2D1DBF5E110025B976 /* tab_9_up@2x.png in Resources */ = {isa = PBXBuildFile; fileRef = BC682F031DBF5E110025B976 /* tab_9_up@2x.png */; };
		BC682F2E1DBF5E110025B976 /* tab_10_up@2x.png in Resources */ = {isa = PBXBuildFile; fileRef = BC682F041DBF5E110025B976 /* tab_10_up@2x.png */; };
		BC682F2F1DBF5E110025B976 /* tab_15_up@2x.png in Resources */ = {isa = PBXBuildFile; fileRef = BC682F051DBF5E110025B976 /* tab_15_up@2x.png */; };
		BC682F301DBF5E110025B976 /* tab_21_up@2x.png in Resources */ = {isa = PBXBuildFile; fileRef = BC682F061DBF5E110025B976 /* tab_21_up@2x.png */; };
		BC682F311DBF5E110025B976 /* tab_22_up@2x.png in Resources */ = {isa = PBXBuildFile; fileRef = BC682F071DBF5E110025B976 /* tab_22_up@2x.png */; };
		BC682F321DBF5E110025B976 /* tab_26_up@2x.png in Resources */ = {isa = PBXBuildFile; fileRef = BC682F081DBF5E110025B976 /* tab_26_up@2x.png */; };
		BC682F331DBF5E110025B976 /* tab_28_up@2x.png in Resources */ = {isa = PBXBuildFile; fileRef = BC682F091DBF5E110025B976 /* tab_28_up@2x.png */; };
		BC682F341DBF5E110025B976 /* tab_29_up@2x.png in Resources */ = {isa = PBXBuildFile; fileRef = BC682F0A1DBF5E110025B976 /* tab_29_up@2x.png */; };
		BC682F351DBF5E110025B976 /* tab_30_up@2x.png in Resources */ = {isa = PBXBuildFile; fileRef = BC682F0B1DBF5E110025B976 /* tab_30_up@2x.png */; };
		BC682F361DBF5E110025B976 /* tab_31_up@2x.png in Resources */ = {isa = PBXBuildFile; fileRef = BC682F0C1DBF5E110025B976 /* tab_31_up@2x.png */; };
		BC682F371DBF5E110025B976 /* tab_99_up@2x.png in Resources */ = {isa = PBXBuildFile; fileRef = BC682F0D1DBF5E110025B976 /* tab_99_up@2x.png */; };
		BC682F391DBF5EFF0025B976 /* SubscibeViewController.swift in Sources */ = {isa = PBXBuildFile; fileRef = BC682F381DBF5EFF0025B976 /* SubscibeViewController.swift */; };
		BC682F3B1DBF5F160025B976 /* DiscoverViewController.swift in Sources */ = {isa = PBXBuildFile; fileRef = BC682F3A1DBF5F160025B976 /* DiscoverViewController.swift */; };
		BC682F3D1DBF5F270025B976 /* ProfileViewController.swift in Sources */ = {isa = PBXBuildFile; fileRef = BC682F3C1DBF5F270025B976 /* ProfileViewController.swift */; };
		BC682F791DBF9D660025B976 /* HomePageView.swift in Sources */ = {isa = PBXBuildFile; fileRef = BC682F781DBF9D660025B976 /* HomePageView.swift */; };
		BC682F7C1DBF9E0A0025B976 /* Slideareacell.swift in Sources */ = {isa = PBXBuildFile; fileRef = BC682F7A1DBF9E0A0025B976 /* Slideareacell.swift */; };
		BC682F7D1DBF9E0A0025B976 /* Slideareacell.xib in Resources */ = {isa = PBXBuildFile; fileRef = BC682F7B1DBF9E0A0025B976 /* Slideareacell.xib */; };
		BC682F7F1DBFAB820025B976 /* UIView+Common.swift in Sources */ = {isa = PBXBuildFile; fileRef = BC682F7E1DBFAB820025B976 /* UIView+Common.swift */; };
		BC688F091DDC7BFE0094978F /* guideImage1_640x960_@1x.png in Resources */ = {isa = PBXBuildFile; fileRef = BC688EFD1DDC7BFE0094978F /* guideImage1_640x960_@1x.png */; };
		BC688F0D1DDC7BFE0094978F /* guideImage2_640x960_@1x.png in Resources */ = {isa = PBXBuildFile; fileRef = BC688F011DDC7BFE0094978F /* guideImage2_640x960_@1x.png */; };
		BC688F111DDC7BFE0094978F /* guideImage3_640x960_@1x.png in Resources */ = {isa = PBXBuildFile; fileRef = BC688F051DDC7BFE0094978F /* guideImage3_640x960_@1x.png */; };
		BC7038691DD35A740019D4A9 /* ProfileCell.swift in Sources */ = {isa = PBXBuildFile; fileRef = BC7038671DD35A740019D4A9 /* ProfileCell.swift */; };
		BC70386A1DD35A740019D4A9 /* ProfileCell.xib in Resources */ = {isa = PBXBuildFile; fileRef = BC7038681DD35A740019D4A9 /* ProfileCell.xib */; };
		BC7038BF1DD360AE0019D4A9 /* GuideViewController.swift in Sources */ = {isa = PBXBuildFile; fileRef = BC7038BE1DD360AE0019D4A9 /* GuideViewController.swift */; };
		BC7454481DDC94BB00B38461 /* detail_cache_30x30_@3x.png in Resources */ = {isa = PBXBuildFile; fileRef = BC7454471DDC94BB00B38461 /* detail_cache_30x30_@3x.png */; };
		BC813AF81DD1B2C100291B0F /* photo_preview_selected.png in Resources */ = {isa = PBXBuildFile; fileRef = BC813AF71DD1B2C100291B0F /* photo_preview_selected.png */; };
		BC813AFA1DD1B2ED00291B0F /* ic_ipad_close.png in Resources */ = {isa = PBXBuildFile; fileRef = BC813AF91DD1B2ED00291B0F /* ic_ipad_close.png */; };
		BC813AFC1DD1B3DF00291B0F /* bubble.png in Resources */ = {isa = PBXBuildFile; fileRef = BC813AFB1DD1B3DF00291B0F /* bubble.png */; };
		BC813AFE1DD1C70200291B0F /* FourImageModel.swift in Sources */ = {isa = PBXBuildFile; fileRef = BC813AFD1DD1C70200291B0F /* FourImageModel.swift */; };
		BC813B011DD1D0B400291B0F /* FourCollectionViewCell.swift in Sources */ = {isa = PBXBuildFile; fileRef = BC813AFF1DD1D0B400291B0F /* FourCollectionViewCell.swift */; };
		BC813B021DD1D0B400291B0F /* FourCollectionViewCell.xib in Resources */ = {isa = PBXBuildFile; fileRef = BC813B001DD1D0B400291B0F /* FourCollectionViewCell.xib */; };
		BC8368AC1DCCAA54007828FD /* HiddenTabViewController.swift in Sources */ = {isa = PBXBuildFile; fileRef = BC8368AB1DCCAA54007828FD /* HiddenTabViewController.swift */; };
		BC8368AE1DCCC314007828FD /* subscriptionView.swift in Sources */ = {isa = PBXBuildFile; fileRef = BC8368AD1DCCC314007828FD /* subscriptionView.swift */; };
		BC8368B01DCCC784007828FD /* KtcSegCtrl.swift in Sources */ = {isa = PBXBuildFile; fileRef = BC8368AF1DCCC784007828FD /* KtcSegCtrl.swift */; };
		BC8368B41DCCC857007828FD /* UILabel+Common.swift in Sources */ = {isa = PBXBuildFile; fileRef = BC8368B31DCCC857007828FD /* UILabel+Common.swift */; };
		BC8368B61DCCC9CE007828FD /* UIButton+Common.swift in Sources */ = {isa = PBXBuildFile; fileRef = BC8368B51DCCC9CE007828FD /* UIButton+Common.swift */; };
		BC8368B81DCCCAE9007828FD /* navBtn_bag.png in Resources */ = {isa = PBXBuildFile; fileRef = BC8368B71DCCCAE9007828FD /* navBtn_bag.png */; };
		BC8368BA1DCCD63A007828FD /* button_icon_refresh_landscape@2x.png in Resources */ = {isa = PBXBuildFile; fileRef = BC8368B91DCCD63A007828FD /* button_icon_refresh_landscape@2x.png */; };
		BC9730421DCDB29E00B65E84 /* FirstModel.swift in Sources */ = {isa = PBXBuildFile; fileRef = BC9730411DCDB29E00B65E84 /* FirstModel.swift */; };
		BCA06F191DD303B200C8BA98 /* 0.png in Resources */ = {isa = PBXBuildFile; fileRef = BCA06F181DD303B200C8BA98 /* 0.png */; };
		BCA06F1B1DD3042000C8BA98 /* 10_1.jpg in Resources */ = {isa = PBXBuildFile; fileRef = BCA06F1A1DD3042000C8BA98 /* 10_1.jpg */; };
		BCA06F1F1DD315B600C8BA98 /* FourDetailViewController1.swift in Sources */ = {isa = PBXBuildFile; fileRef = BCA06F1E1DD315B600C8BA98 /* FourDetailViewController1.swift */; };
		BCA06F231DD31D1100C8BA98 /* HeaderReusableView.swift in Sources */ = {isa = PBXBuildFile; fileRef = BCA06F221DD31D1100C8BA98 /* HeaderReusableView.swift */; };
		BCACBAC51DC33F7000DDF48A /* AllCell.swift in Sources */ = {isa = PBXBuildFile; fileRef = BCACBAC31DC33F7000DDF48A /* AllCell.swift */; };
		BCACBAC61DC33F7000DDF48A /* AllCell.xib in Resources */ = {isa = PBXBuildFile; fileRef = BCACBAC41DC33F7000DDF48A /* AllCell.xib */; };
		BCB1F5921DD0D30E00A2C971 /* fourImageView.swift in Sources */ = {isa = PBXBuildFile; fileRef = BCB1F5911DD0D30E00A2C971 /* fourImageView.swift */; };
		BCB63B081DC43B8D000B79C6 /* AllHeardView.swift in Sources */ = {isa = PBXBuildFile; fileRef = BCB63B071DC43B8D000B79C6 /* AllHeardView.swift */; };
		BCB63B0B1DC48392000B79C6 /* FourCell.swift in Sources */ = {isa = PBXBuildFile; fileRef = BCB63B091DC48392000B79C6 /* FourCell.swift */; };
		BCB63B0C1DC48392000B79C6 /* FourCell.xib in Resources */ = {isa = PBXBuildFile; fileRef = BCB63B0A1DC48392000B79C6 /* FourCell.xib */; };
		BCB7814C1DC0B866008C7AE9 /* sdefaultImage.png in Resources */ = {isa = PBXBuildFile; fileRef = BCB7814B1DC0B866008C7AE9 /* sdefaultImage.png */; };
		BCB7814F1DC0CC16008C7AE9 /* HomePageHotCell.swift in Sources */ = {isa = PBXBuildFile; fileRef = BCB7814D1DC0CC16008C7AE9 /* HomePageHotCell.swift */; };
		BCB781501DC0CC16008C7AE9 /* HomePageHotCell.xib in Resources */ = {isa = PBXBuildFile; fileRef = BCB7814E1DC0CC16008C7AE9 /* HomePageHotCell.xib */; };
		BCB781521DC0EF63008C7AE9 /* search1.png in Resources */ = {isa = PBXBuildFile; fileRef = BCB781511DC0EF63008C7AE9 /* search1.png */; };
		BCB781541DC0F0B8008C7AE9 /* HomePageHeaderView.swift in Sources */ = {isa = PBXBuildFile; fileRef = BCB781531DC0F0B8008C7AE9 /* HomePageHeaderView.swift */; };
		BCBB16C01DBDA89700BAA408 /* NavigationBarProtocol.swift in Sources */ = {isa = PBXBuildFile; fileRef = BCBB16BF1DBDA89700BAA408 /* NavigationBarProtocol.swift */; };
		BCBB16C21DBDA8AC00BAA408 /* RefreshProtocol.swift in Sources */ = {isa = PBXBuildFile; fileRef = BCBB16C11DBDA8AC00BAA408 /* RefreshProtocol.swift */; };
		BCC54D351DCA01F6001D9806 /* DetailViewController.swift in Sources */ = {isa = PBXBuildFile; fileRef = BCC54D341DCA01F6001D9806 /* DetailViewController.swift */; };
		BCC8C9881DDC09200022DDB7 /* firstModel1.swift in Sources */ = {isa = PBXBuildFile; fileRef = BCC8C9871DDC09200022DDB7 /* firstModel1.swift */; };
		BCC8C98A1DDC0A200022DDB7 /* details_share_qzone_53x52_@1x.png in Resources */ = {isa = PBXBuildFile; fileRef = BCC8C9891DDC0A200022DDB7 /* details_share_qzone_53x52_@1x.png */; };
		BCC8C98C1DDC0A2B0022DDB7 /* details_share_qq_icon_53x52_@1x.png in Resources */ = {isa = PBXBuildFile; fileRef = BCC8C98B1DDC0A2B0022DDB7 /* details_share_qq_icon_53x52_@1x.png */; };
		BCC8C98E1DDC0A350022DDB7 /* details_share_message_53x52_@1x.png in Resources */ = {isa = PBXBuildFile; fileRef = BCC8C98D1DDC0A350022DDB7 /* details_share_message_53x52_@1x.png */; };
		BCC8C9901DDC0A3C0022DDB7 /* details_share_message_nopoint_53x52_@1x.png in Resources */ = {isa = PBXBuildFile; fileRef = BCC8C98F1DDC0A3C0022DDB7 /* details_share_message_nopoint_53x52_@1x.png */; };
		BCC8C9921DDC0A510022DDB7 /* details_share_qq_nopoint_53x52_@1x.png in Resources */ = {isa = PBXBuildFile; fileRef = BCC8C9911DDC0A510022DDB7 /* details_share_qq_nopoint_53x52_@1x.png */; };
		BCC8C9941DDC0A590022DDB7 /* details_share_qzone_nopoint_53x52_@1x.png in Resources */ = {isa = PBXBuildFile; fileRef = BCC8C9931DDC0A590022DDB7 /* details_share_qzone_nopoint_53x52_@1x.png */; };
		BCC8C99D1DDC0A730022DDB7 /* details_share_sina_53x52_@1x.png in Resources */ = {isa = PBXBuildFile; fileRef = BCC8C9951DDC0A730022DDB7 /* details_share_sina_53x52_@1x.png */; };
		BCC8C99E1DDC0A730022DDB7 /* details_share_sina_nopoint_53x52_@1x.png in Resources */ = {isa = PBXBuildFile; fileRef = BCC8C9961DDC0A730022DDB7 /* details_share_sina_nopoint_53x52_@1x.png */; };
		BCC8C99F1DDC0A730022DDB7 /* details_share_weibo_53x52_@1x.png in Resources */ = {isa = PBXBuildFile; fileRef = BCC8C9971DDC0A730022DDB7 /* details_share_weibo_53x52_@1x.png */; };
		BCC8C9A01DDC0A730022DDB7 /* details_share_weibo_nopoint_53x52_@1x.png in Resources */ = {isa = PBXBuildFile; fileRef = BCC8C9981DDC0A730022DDB7 /* details_share_weibo_nopoint_53x52_@1x.png */; };
		BCC8C9A11DDC0A730022DDB7 /* details_share_weixin_53x52_@1x.png in Resources */ = {isa = PBXBuildFile; fileRef = BCC8C9991DDC0A730022DDB7 /* details_share_weixin_53x52_@1x.png */; };
		BCC8C9A21DDC0A730022DDB7 /* details_share_weixin_nopoint_53x52_@1x.png in Resources */ = {isa = PBXBuildFile; fileRef = BCC8C99A1DDC0A730022DDB7 /* details_share_weixin_nopoint_53x52_@1x.png */; };
		BCC8C9A31DDC0A730022DDB7 /* details_share_weixinfriend_53x52_@1x.png in Resources */ = {isa = PBXBuildFile; fileRef = BCC8C99B1DDC0A730022DDB7 /* details_share_weixinfriend_53x52_@1x.png */; };
		BCC8C9A41DDC0A730022DDB7 /* details_share_weixinfriend_nopoint_53x52_@1x.png in Resources */ = {isa = PBXBuildFile; fileRef = BCC8C99C1DDC0A730022DDB7 /* details_share_weixinfriend_nopoint_53x52_@1x.png */; };
		BCC8C9A61DDC0AD90022DDB7 /* ShareViewController.swift in Sources */ = {isa = PBXBuildFile; fileRef = BCC8C9A51DDC0AD90022DDB7 /* ShareViewController.swift */; };
		BCC8C9A81DDC0B0A0022DDB7 /* EnterViewController.swift in Sources */ = {isa = PBXBuildFile; fileRef = BCC8C9A71DDC0B0A0022DDB7 /* EnterViewController.swift */; };
		BCC8C9AA1DDC0B5D0022DDB7 /* HistoryViewController.swift in Sources */ = {isa = PBXBuildFile; fileRef = BCC8C9A91DDC0B5D0022DDB7 /* HistoryViewController.swift */; };
		BCC8C9AE1DDC0FE10022DDB7 /* sayhi54_156x26_@2x.png in Resources */ = {isa = PBXBuildFile; fileRef = BCC8C9AD1DDC0FE10022DDB7 /* sayhi54_156x26_@2x.png */; };
		BCC8C9B01DDC15E50022DDB7 /* bg_show_qishu_320x50_@2x.png in Resources */ = {isa = PBXBuildFile; fileRef = BCC8C9AF1DDC15E50022DDB7 /* bg_show_qishu_320x50_@2x.png */; };
		BCD7E3CC1DC7318E00584275 /* FourLabelCell.swift in Sources */ = {isa = PBXBuildFile; fileRef = BCD7E3CA1DC7318E00584275 /* FourLabelCell.swift */; };
		BCD7E3CD1DC7318E00584275 /* FourLabelCell.xib in Resources */ = {isa = PBXBuildFile; fileRef = BCD7E3CB1DC7318E00584275 /* FourLabelCell.xib */; };
		BCD916BF1DD4A4FA00C4B891 /* CollectModel.swift in Sources */ = {isa = PBXBuildFile; fileRef = BCD916BE1DD4A4FA00C4B891 /* CollectModel.swift */; };
		BCD916C11DD4A8CC00C4B891 /* CollectView.swift in Sources */ = {isa = PBXBuildFile; fileRef = BCD916C01DD4A8CC00C4B891 /* CollectView.swift */; };
		BCD916C31DD4C21F00C4B891 /* CollectHeaderView1.swift in Sources */ = {isa = PBXBuildFile; fileRef = BCD916C21DD4C21F00C4B891 /* CollectHeaderView1.swift */; };
		BCDF63B31DD9DC0400F5BD8E /* TableViewCell1.swift in Sources */ = {isa = PBXBuildFile; fileRef = BCDF63B11DD9DC0400F5BD8E /* TableViewCell1.swift */; };
		BCDF63B41DD9DC0400F5BD8E /* TableViewCell1.xib in Resources */ = {isa = PBXBuildFile; fileRef = BCDF63B21DD9DC0400F5BD8E /* TableViewCell1.xib */; };
		BCE598D81DD5F1A000A69B1E /* default_head_51x51_@1x.png in Resources */ = {isa = PBXBuildFile; fileRef = BCE598D51DD5F1A000A69B1E /* default_head_51x51_@1x.png */; };
		BCE598D91DD5F1A000A69B1E /* default_head_51x51_@2x.png in Resources */ = {isa = PBXBuildFile; fileRef = BCE598D61DD5F1A000A69B1E /* default_head_51x51_@2x.png */; };
		BCE598DA1DD5F1A000A69B1E /* default_head_51x51_@3x.png in Resources */ = {isa = PBXBuildFile; fileRef = BCE598D71DD5F1A000A69B1E /* default_head_51x51_@3x.png */; };
		BCE598DD1DD5F1D500A69B1E /* detail_cache_selected_30x30_@1x.png in Resources */ = {isa = PBXBuildFile; fileRef = BCE598DB1DD5F1D500A69B1E /* detail_cache_selected_30x30_@1x.png */; };
		BCE598DE1DD5F1D500A69B1E /* detail_cache_selected_30x30_@2x.png in Resources */ = {isa = PBXBuildFile; fileRef = BCE598DC1DD5F1D500A69B1E /* detail_cache_selected_30x30_@2x.png */; };
		BCE598E11DD5F1E100A69B1E /* detail_collect_selected_30x30_@1x.png in Resources */ = {isa = PBXBuildFile; fileRef = BCE598DF1DD5F1E100A69B1E /* detail_collect_selected_30x30_@1x.png */; };
		BCE598E21DD5F1E100A69B1E /* detail_collect_selected_30x30_@2x.png in Resources */ = {isa = PBXBuildFile; fileRef = BCE598E01DD5F1E100A69B1E /* detail_collect_selected_30x30_@2x.png */; };
		BCE598E51DD5F1F700A69B1E /* detail_share_selected_30x30_@1x.png in Resources */ = {isa = PBXBuildFile; fileRef = BCE598E31DD5F1F700A69B1E /* detail_share_selected_30x30_@1x.png */; };
		BCE598E61DD5F1F700A69B1E /* detail_share_selected_30x30_@2x.png in Resources */ = {isa = PBXBuildFile; fileRef = BCE598E41DD5F1F700A69B1E /* detail_share_selected_30x30_@2x.png */; };
		BCEEB43E1DBE56E500407B15 /* BaseViewController.swift in Sources */ = {isa = PBXBuildFile; fileRef = BCEEB43D1DBE56E500407B15 /* BaseViewController.swift */; };
		BCEEB4401DBE578200407B15 /* HomePageViewController.swift in Sources */ = {isa = PBXBuildFile; fileRef = BCEEB43F1DBE578200407B15 /* HomePageViewController.swift */; };
		BCEEB4421DBE57CD00407B15 /* MainTabBarViewController.swift in Sources */ = {isa = PBXBuildFile; fileRef = BCEEB4411DBE57CD00407B15 /* MainTabBarViewController.swift */; };
		BCF3FE2B1DBA20770015EDCD /* AppDelegate.swift in Sources */ = {isa = PBXBuildFile; fileRef = BCF3FE2A1DBA20770015EDCD /* AppDelegate.swift */; };
		BCF3FE2D1DBA20770015EDCD /* ViewController.swift in Sources */ = {isa = PBXBuildFile; fileRef = BCF3FE2C1DBA20770015EDCD /* ViewController.swift */; };
		BCF3FE301DBA20770015EDCD /* Main.storyboard in Resources */ = {isa = PBXBuildFile; fileRef = BCF3FE2E1DBA20770015EDCD /* Main.storyboard */; };
		BCF3FE321DBA20770015EDCD /* Assets.xcassets in Resources */ = {isa = PBXBuildFile; fileRef = BCF3FE311DBA20770015EDCD /* Assets.xcassets */; };
		BCF3FE351DBA20770015EDCD /* LaunchScreen.storyboard in Resources */ = {isa = PBXBuildFile; fileRef = BCF3FE331DBA20770015EDCD /* LaunchScreen.storyboard */; };
		BCF3FE401DBA20780015EDCD /* WangyuxiangLivevideoTests.swift in Sources */ = {isa = PBXBuildFile; fileRef = BCF3FE3F1DBA20780015EDCD /* WangyuxiangLivevideoTests.swift */; };
		BCF3FE4B1DBA20780015EDCD /* WangyuxiangLivevideoUITests.swift in Sources */ = {isa = PBXBuildFile; fileRef = BCF3FE4A1DBA20780015EDCD /* WangyuxiangLivevideoUITests.swift */; };
		BCF3FE7E1DBA32290015EDCD /* HomePageModel.swift in Sources */ = {isa = PBXBuildFile; fileRef = BCF3FE7D1DBA32290015EDCD /* HomePageModel.swift */; };
		BCF734F31DD5FA8D004C0600 /* home_cache_notselected_64x49_@1x.png in Resources */ = {isa = PBXBuildFile; fileRef = BCF734F21DD5FA8D004C0600 /* home_cache_notselected_64x49_@1x.png */; };
		BCF734F51DD5FAE6004C0600 /* 38bg_failed_black@2x.png in Resources */ = {isa = PBXBuildFile; fileRef = BCF734F41DD5FAE6004C0600 /* 38bg_failed_black@2x.png */; };
		BCF734F71DD5FBEE004C0600 /* btn_rss_rss_normal_66x26_@1x.png in Resources */ = {isa = PBXBuildFile; fileRef = BCF734F61DD5FBEE004C0600 /* btn_rss_rss_normal_66x26_@1x.png */; };
		BCF734F91DD5FBFC004C0600 /* btn_rss_rss_press_66x26_@1x.png in Resources */ = {isa = PBXBuildFile; fileRef = BCF734F81DD5FBFC004C0600 /* btn_rss_rss_press_66x26_@1x.png */; };
		BCF734FB1DD5FC45004C0600 /* detail_share_30x30_@2x.png in Resources */ = {isa = PBXBuildFile; fileRef = BCF734FA1DD5FC45004C0600 /* detail_share_30x30_@2x.png */; };
		BCF734FD1DD5FCB9004C0600 /* detail_cache_30x30_@3x.png in Resources */ = {isa = PBXBuildFile; fileRef = BCF734FC1DD5FCB9004C0600 /* detail_cache_30x30_@3x.png */; };
		BCF734FF1DD5FEAD004C0600 /* ic_my_fav_22x22_@3x.png in Resources */ = {isa = PBXBuildFile; fileRef = BCF734FE1DD5FEAD004C0600 /* ic_my_fav_22x22_@3x.png */; };
		BCF735011DD5FEBD004C0600 /* ic_my_member_22x22_@3x.png in Resources */ = {isa = PBXBuildFile; fileRef = BCF735001DD5FEBD004C0600 /* ic_my_member_22x22_@3x.png */; };
		BCF735031DD5FEE5004C0600 /* ic_my_upload_22x22_@3x.png in Resources */ = {isa = PBXBuildFile; fileRef = BCF735021DD5FEE5004C0600 /* ic_my_upload_22x22_@3x.png */; };
		BCF735051DD60171004C0600 /* witch_206x250_@2x.png in Resources */ = {isa = PBXBuildFile; fileRef = BCF735041DD60171004C0600 /* witch_206x250_@2x.png */; };
		BCF735071DD60B5D004C0600 /* bg_failed_black@2x.png in Resources */ = {isa = PBXBuildFile; fileRef = BCF735061DD60B5D004C0600 /* bg_failed_black@2x.png */; };
		BCF7350B1DD60C3C004C0600 /* cache_233x348_@1x.png in Resources */ = {isa = PBXBuildFile; fileRef = BCF735081DD60C3C004C0600 /* cache_233x348_@1x.png */; };
		BCF7350C1DD60C3C004C0600 /* cache_233x348_@2x.png in Resources */ = {isa = PBXBuildFile; fileRef = BCF735091DD60C3C004C0600 /* cache_233x348_@2x.png */; };
		BCF7350D1DD60C3C004C0600 /* cache_233x348_@3x.png in Resources */ = {isa = PBXBuildFile; fileRef = BCF7350A1DD60C3C004C0600 /* cache_233x348_@3x.png */; };
		BCF7350F1DD60C71004C0600 /* EnshrineViewController.swift in Sources */ = {isa = PBXBuildFile; fileRef = BCF7350E1DD60C71004C0600 /* EnshrineViewController.swift */; };
		BCF735131DD60F2B004C0600 /* btn_card_allfollow_75x23_@1x.png in Resources */ = {isa = PBXBuildFile; fileRef = BCF735101DD60F2B004C0600 /* btn_card_allfollow_75x23_@1x.png */; };
		BCF735141DD60F2C004C0600 /* btn_card_allfollow_75x23_@2x.png in Resources */ = {isa = PBXBuildFile; fileRef = BCF735111DD60F2B004C0600 /* btn_card_allfollow_75x23_@2x.png */; };
		BCF735151DD60F2C004C0600 /* btn_card_allfollow_75x23_@3x.png in Resources */ = {isa = PBXBuildFile; fileRef = BCF735121DD60F2B004C0600 /* btn_card_allfollow_75x23_@3x.png */; };
		BCF7351D1DD60F82004C0600 /* btn_rss_rss_normal_66x26_@2x.png in Resources */ = {isa = PBXBuildFile; fileRef = BCF735171DD60F82004C0600 /* btn_rss_rss_normal_66x26_@2x.png */; };
		BCF735201DD60F82004C0600 /* btn_rss_rss_press_66x26_@2x.png in Resources */ = {isa = PBXBuildFile; fileRef = BCF7351A1DD60F82004C0600 /* btn_rss_rss_press_66x26_@2x.png */; };
		BFA862CEF844306BDF428DB3 /* Pods_WangyuxiangLivevideo.framework in Frameworks */ = {isa = PBXBuildFile; fileRef = 7F3DCD7FC666938256F1615D /* Pods_WangyuxiangLivevideo.framework */; };
/* End PBXBuildFile section */

/* Begin PBXContainerItemProxy section */
		BCF3FE3C1DBA20780015EDCD /* PBXContainerItemProxy */ = {
			isa = PBXContainerItemProxy;
			containerPortal = BCF3FE1F1DBA20770015EDCD /* Project object */;
			proxyType = 1;
			remoteGlobalIDString = BCF3FE261DBA20770015EDCD;
			remoteInfo = WangyuxiangLivevideo;
		};
		BCF3FE471DBA20780015EDCD /* PBXContainerItemProxy */ = {
			isa = PBXContainerItemProxy;
			containerPortal = BCF3FE1F1DBA20770015EDCD /* Project object */;
			proxyType = 1;
			remoteGlobalIDString = BCF3FE261DBA20770015EDCD;
			remoteInfo = WangyuxiangLivevideo;
		};
/* End PBXContainerItemProxy section */

/* Begin PBXFileReference section */
		7F3DCD7FC666938256F1615D /* Pods_WangyuxiangLivevideo.framework */ = {isa = PBXFileReference; explicitFileType = wrapper.framework; includeInIndex = 0; path = Pods_WangyuxiangLivevideo.framework; sourceTree = BUILT_PRODUCTS_DIR; };
		BC16EDC91DD079D400E9D08B /* more_icon.png */ = {isa = PBXFileReference; lastKnownFileType = image.png; path = more_icon.png; sourceTree = "<group>"; };
		BC16EDCD1DD0B07A00E9D08B /* firstCell.swift */ = {isa = PBXFileReference; fileEncoding = 4; lastKnownFileType = sourcecode.swift; path = firstCell.swift; sourceTree = "<group>"; };
		BC16EDCE1DD0B07A00E9D08B /* firstCell.xib */ = {isa = PBXFileReference; fileEncoding = 4; lastKnownFileType = file.xib; path = firstCell.xib; sourceTree = "<group>"; };
		BC2547C41DBE30E80090C718 /* Theme.swift */ = {isa = PBXFileReference; fileEncoding = 4; lastKnownFileType = sourcecode.swift; path = Theme.swift; sourceTree = "<group>"; };
		BC3C7E3F1DE6A2D0006AB0DC /* BridgeHeader.h */ = {isa = PBXFileReference; fileEncoding = 4; lastKnownFileType = sourcecode.c.h; path = BridgeHeader.h; sourceTree = "<group>"; };
		BC5EFF591DC8519E00A467AE /* TwoCell.swift */ = {isa = PBXFileReference; fileEncoding = 4; lastKnownFileType = sourcecode.swift; path = TwoCell.swift; sourceTree = "<group>"; };
		BC5EFF5A1DC8519E00A467AE /* TwoCell.xib */ = {isa = PBXFileReference; fileEncoding = 4; lastKnownFileType = file.xib; path = TwoCell.xib; sourceTree = "<group>"; };
		BC682EE51DBF5E110025B976 /* ic_tab_discover_27x27_@2x.png */ = {isa = PBXFileReference; lastKnownFileType = image.png; path = "ic_tab_discover_27x27_@2x.png"; sourceTree = "<group>"; };
		BC682EE81DBF5E110025B976 /* ic_tab_discover_select_27x27_@2x.png */ = {isa = PBXFileReference; lastKnownFileType = image.png; path = "ic_tab_discover_select_27x27_@2x.png"; sourceTree = "<group>"; };
		BC682EEB1DBF5E110025B976 /* ic_tab_home_27x27_@2x.png */ = {isa = PBXFileReference; lastKnownFileType = image.png; path = "ic_tab_home_27x27_@2x.png"; sourceTree = "<group>"; };
		BC682EEE1DBF5E110025B976 /* ic_tab_home_select_27x27_@2x.png */ = {isa = PBXFileReference; lastKnownFileType = image.png; path = "ic_tab_home_select_27x27_@2x.png"; sourceTree = "<group>"; };
		BC682EF01DBF5E110025B976 /* ic_tab_member_27x27_@2x.png */ = {isa = PBXFileReference; lastKnownFileType = image.png; path = "ic_tab_member_27x27_@2x.png"; sourceTree = "<group>"; };
		BC682EF21DBF5E110025B976 /* ic_tab_member_select_27x27_@2x.png */ = {isa = PBXFileReference; lastKnownFileType = image.png; path = "ic_tab_member_select_27x27_@2x.png"; sourceTree = "<group>"; };
		BC682EF51DBF5E110025B976 /* ic_tab_my_27x27_@2x.png */ = {isa = PBXFileReference; lastKnownFileType = image.png; path = "ic_tab_my_27x27_@2x.png"; sourceTree = "<group>"; };
		BC682EF81DBF5E110025B976 /* ic_tab_my_select_27x27_@2x.png */ = {isa = PBXFileReference; lastKnownFileType = image.png; path = "ic_tab_my_select_27x27_@2x.png"; sourceTree = "<group>"; };
		BC682EFB1DBF5E110025B976 /* ic_tab_rss_27x27_@2x.png */ = {isa = PBXFileReference; lastKnownFileType = image.png; path = "ic_tab_rss_27x27_@2x.png"; sourceTree = "<group>"; };
		BC682EFE1DBF5E110025B976 /* ic_tab_rss_select_27x27_@2x.png */ = {isa = PBXFileReference; lastKnownFileType = image.png; path = "ic_tab_rss_select_27x27_@2x.png"; sourceTree = "<group>"; };
		BC682F001DBF5E110025B976 /* tab_1_up@2x.png */ = {isa = PBXFileReference; lastKnownFileType = image.png; path = "tab_1_up@2x.png"; sourceTree = "<group>"; };
		BC682F011DBF5E110025B976 /* tab_3_up@2x.png */ = {isa = PBXFileReference; lastKnownFileType = image.png; path = "tab_3_up@2x.png"; sourceTree = "<group>"; };
		BC682F021DBF5E110025B976 /* tab_5_up@2x.png */ = {isa = PBXFileReference; lastKnownFileType = image.png; path = "tab_5_up@2x.png"; sourceTree = "<group>"; };
		BC682F031DBF5E110025B976 /* tab_9_up@2x.png */ = {isa = PBXFileReference; lastKnownFileType = image.png; path = "tab_9_up@2x.png"; sourceTree = "<group>"; };
		BC682F041DBF5E110025B976 /* tab_10_up@2x.png */ = {isa = PBXFileReference; lastKnownFileType = image.png; path = "tab_10_up@2x.png"; sourceTree = "<group>"; };
		BC682F051DBF5E110025B976 /* tab_15_up@2x.png */ = {isa = PBXFileReference; lastKnownFileType = image.png; path = "tab_15_up@2x.png"; sourceTree = "<group>"; };
		BC682F061DBF5E110025B976 /* tab_21_up@2x.png */ = {isa = PBXFileReference; lastKnownFileType = image.png; path = "tab_21_up@2x.png"; sourceTree = "<group>"; };
		BC682F071DBF5E110025B976 /* tab_22_up@2x.png */ = {isa = PBXFileReference; lastKnownFileType = image.png; path = "tab_22_up@2x.png"; sourceTree = "<group>"; };
		BC682F081DBF5E110025B976 /* tab_26_up@2x.png */ = {isa = PBXFileReference; lastKnownFileType = image.png; path = "tab_26_up@2x.png"; sourceTree = "<group>"; };
		BC682F091DBF5E110025B976 /* tab_28_up@2x.png */ = {isa = PBXFileReference; lastKnownFileType = image.png; path = "tab_28_up@2x.png"; sourceTree = "<group>"; };
		BC682F0A1DBF5E110025B976 /* tab_29_up@2x.png */ = {isa = PBXFileReference; lastKnownFileType = image.png; path = "tab_29_up@2x.png"; sourceTree = "<group>"; };
		BC682F0B1DBF5E110025B976 /* tab_30_up@2x.png */ = {isa = PBXFileReference; lastKnownFileType = image.png; path = "tab_30_up@2x.png"; sourceTree = "<group>"; };
		BC682F0C1DBF5E110025B976 /* tab_31_up@2x.png */ = {isa = PBXFileReference; lastKnownFileType = image.png; path = "tab_31_up@2x.png"; sourceTree = "<group>"; };
		BC682F0D1DBF5E110025B976 /* tab_99_up@2x.png */ = {isa = PBXFileReference; lastKnownFileType = image.png; path = "tab_99_up@2x.png"; sourceTree = "<group>"; };
		BC682F381DBF5EFF0025B976 /* SubscibeViewController.swift */ = {isa = PBXFileReference; fileEncoding = 4; lastKnownFileType = sourcecode.swift; path = SubscibeViewController.swift; sourceTree = "<group>"; };
		BC682F3A1DBF5F160025B976 /* DiscoverViewController.swift */ = {isa = PBXFileReference; fileEncoding = 4; lastKnownFileType = sourcecode.swift; path = DiscoverViewController.swift; sourceTree = "<group>"; };
		BC682F3C1DBF5F270025B976 /* ProfileViewController.swift */ = {isa = PBXFileReference; fileEncoding = 4; lastKnownFileType = sourcecode.swift; path = ProfileViewController.swift; sourceTree = "<group>"; };
		BC682F781DBF9D660025B976 /* HomePageView.swift */ = {isa = PBXFileReference; fileEncoding = 4; lastKnownFileType = sourcecode.swift; path = HomePageView.swift; sourceTree = "<group>"; };
		BC682F7A1DBF9E0A0025B976 /* Slideareacell.swift */ = {isa = PBXFileReference; fileEncoding = 4; lastKnownFileType = sourcecode.swift; path = Slideareacell.swift; sourceTree = "<group>"; };
		BC682F7B1DBF9E0A0025B976 /* Slideareacell.xib */ = {isa = PBXFileReference; fileEncoding = 4; lastKnownFileType = file.xib; path = Slideareacell.xib; sourceTree = "<group>"; };
		BC682F7E1DBFAB820025B976 /* UIView+Common.swift */ = {isa = PBXFileReference; fileEncoding = 4; lastKnownFileType = sourcecode.swift; path = "UIView+Common.swift"; sourceTree = "<group>"; };
		BC688EFD1DDC7BFE0094978F /* guideImage1_640x960_@1x.png */ = {isa = PBXFileReference; lastKnownFileType = image.png; path = "guideImage1_640x960_@1x.png"; sourceTree = "<group>"; };
		BC688F011DDC7BFE0094978F /* guideImage2_640x960_@1x.png */ = {isa = PBXFileReference; lastKnownFileType = image.png; path = "guideImage2_640x960_@1x.png"; sourceTree = "<group>"; };
		BC688F051DDC7BFE0094978F /* guideImage3_640x960_@1x.png */ = {isa = PBXFileReference; lastKnownFileType = image.png; path = "guideImage3_640x960_@1x.png"; sourceTree = "<group>"; };
		BC7038671DD35A740019D4A9 /* ProfileCell.swift */ = {isa = PBXFileReference; fileEncoding = 4; lastKnownFileType = sourcecode.swift; path = ProfileCell.swift; sourceTree = "<group>"; };
		BC7038681DD35A740019D4A9 /* ProfileCell.xib */ = {isa = PBXFileReference; fileEncoding = 4; lastKnownFileType = file.xib; path = ProfileCell.xib; sourceTree = "<group>"; };
		BC7038BE1DD360AE0019D4A9 /* GuideViewController.swift */ = {isa = PBXFileReference; fileEncoding = 4; lastKnownFileType = sourcecode.swift; path = GuideViewController.swift; sourceTree = "<group>"; };
		BC7454471DDC94BB00B38461 /* detail_cache_30x30_@3x.png */ = {isa = PBXFileReference; lastKnownFileType = image.png; path = "detail_cache_30x30_@3x.png"; sourceTree = "<group>"; };
		BC813AF71DD1B2C100291B0F /* photo_preview_selected.png */ = {isa = PBXFileReference; lastKnownFileType = image.png; path = photo_preview_selected.png; sourceTree = "<group>"; };
		BC813AF91DD1B2ED00291B0F /* ic_ipad_close.png */ = {isa = PBXFileReference; lastKnownFileType = image.png; path = ic_ipad_close.png; sourceTree = "<group>"; };
		BC813AFB1DD1B3DF00291B0F /* bubble.png */ = {isa = PBXFileReference; lastKnownFileType = image.png; path = bubble.png; sourceTree = "<group>"; };
		BC813AFD1DD1C70200291B0F /* FourImageModel.swift */ = {isa = PBXFileReference; fileEncoding = 4; lastKnownFileType = sourcecode.swift; path = FourImageModel.swift; sourceTree = "<group>"; };
		BC813AFF1DD1D0B400291B0F /* FourCollectionViewCell.swift */ = {isa = PBXFileReference; fileEncoding = 4; lastKnownFileType = sourcecode.swift; path = FourCollectionViewCell.swift; sourceTree = "<group>"; };
		BC813B001DD1D0B400291B0F /* FourCollectionViewCell.xib */ = {isa = PBXFileReference; fileEncoding = 4; lastKnownFileType = file.xib; path = FourCollectionViewCell.xib; sourceTree = "<group>"; };
		BC8368AB1DCCAA54007828FD /* HiddenTabViewController.swift */ = {isa = PBXFileReference; fileEncoding = 4; lastKnownFileType = sourcecode.swift; path = HiddenTabViewController.swift; sourceTree = "<group>"; };
		BC8368AD1DCCC314007828FD /* subscriptionView.swift */ = {isa = PBXFileReference; fileEncoding = 4; lastKnownFileType = sourcecode.swift; path = subscriptionView.swift; sourceTree = "<group>"; };
		BC8368AF1DCCC784007828FD /* KtcSegCtrl.swift */ = {isa = PBXFileReference; fileEncoding = 4; lastKnownFileType = sourcecode.swift; path = KtcSegCtrl.swift; sourceTree = "<group>"; };
		BC8368B31DCCC857007828FD /* UILabel+Common.swift */ = {isa = PBXFileReference; fileEncoding = 4; lastKnownFileType = sourcecode.swift; path = "UILabel+Common.swift"; sourceTree = "<group>"; };
		BC8368B51DCCC9CE007828FD /* UIButton+Common.swift */ = {isa = PBXFileReference; fileEncoding = 4; lastKnownFileType = sourcecode.swift; path = "UIButton+Common.swift"; sourceTree = "<group>"; };
		BC8368B71DCCCAE9007828FD /* navBtn_bag.png */ = {isa = PBXFileReference; lastKnownFileType = image.png; path = navBtn_bag.png; sourceTree = "<group>"; };
		BC8368B91DCCD63A007828FD /* button_icon_refresh_landscape@2x.png */ = {isa = PBXFileReference; lastKnownFileType = image.png; path = "button_icon_refresh_landscape@2x.png"; sourceTree = "<group>"; };
		BC9730411DCDB29E00B65E84 /* FirstModel.swift */ = {isa = PBXFileReference; fileEncoding = 4; lastKnownFileType = sourcecode.swift; path = FirstModel.swift; sourceTree = "<group>"; };
		BCA06F181DD303B200C8BA98 /* 0.png */ = {isa = PBXFileReference; lastKnownFileType = image.png; name = 0.png; path = "../../../subscibe(订阅)/main(主要模块)/view/0.png"; sourceTree = "<group>"; };
		BCA06F1A1DD3042000C8BA98 /* 10_1.jpg */ = {isa = PBXFileReference; lastKnownFileType = image.jpeg; path = 10_1.jpg; sourceTree = "<group>"; };
		BCA06F1E1DD315B600C8BA98 /* FourDetailViewController1.swift */ = {isa = PBXFileReference; fileEncoding = 4; lastKnownFileType = sourcecode.swift; path = FourDetailViewController1.swift; sourceTree = "<group>"; };
		BCA06F221DD31D1100C8BA98 /* HeaderReusableView.swift */ = {isa = PBXFileReference; fileEncoding = 4; lastKnownFileType = sourcecode.swift; path = HeaderReusableView.swift; sourceTree = "<group>"; };
		BCACBAC31DC33F7000DDF48A /* AllCell.swift */ = {isa = PBXFileReference; fileEncoding = 4; lastKnownFileType = sourcecode.swift; path = AllCell.swift; sourceTree = "<group>"; };
		BCACBAC41DC33F7000DDF48A /* AllCell.xib */ = {isa = PBXFileReference; fileEncoding = 4; lastKnownFileType = file.xib; path = AllCell.xib; sourceTree = "<group>"; };
		BCB1F5911DD0D30E00A2C971 /* fourImageView.swift */ = {isa = PBXFileReference; fileEncoding = 4; lastKnownFileType = sourcecode.swift; path = fourImageView.swift; sourceTree = "<group>"; };
		BCB63B071DC43B8D000B79C6 /* AllHeardView.swift */ = {isa = PBXFileReference; fileEncoding = 4; lastKnownFileType = sourcecode.swift; name = AllHeardView.swift; path = ../controller/AllHeardView.swift; sourceTree = "<group>"; };
		BCB63B091DC48392000B79C6 /* FourCell.swift */ = {isa = PBXFileReference; fileEncoding = 4; lastKnownFileType = sourcecode.swift; path = FourCell.swift; sourceTree = "<group>"; };
		BCB63B0A1DC48392000B79C6 /* FourCell.xib */ = {isa = PBXFileReference; fileEncoding = 4; lastKnownFileType = file.xib; path = FourCell.xib; sourceTree = "<group>"; };
		BCB7814B1DC0B866008C7AE9 /* sdefaultImage.png */ = {isa = PBXFileReference; lastKnownFileType = image.png; name = sdefaultImage.png; path = "../../../resources(资源)/sdefaultImage.png"; sourceTree = "<group>"; };
		BCB7814D1DC0CC16008C7AE9 /* HomePageHotCell.swift */ = {isa = PBXFileReference; fileEncoding = 4; lastKnownFileType = sourcecode.swift; path = HomePageHotCell.swift; sourceTree = "<group>"; };
		BCB7814E1DC0CC16008C7AE9 /* HomePageHotCell.xib */ = {isa = PBXFileReference; fileEncoding = 4; lastKnownFileType = file.xib; path = HomePageHotCell.xib; sourceTree = "<group>"; };
		BCB781511DC0EF63008C7AE9 /* search1.png */ = {isa = PBXFileReference; lastKnownFileType = image.png; name = search1.png; path = "../../../resources(资源)/search1.png"; sourceTree = "<group>"; };
		BCB781531DC0F0B8008C7AE9 /* HomePageHeaderView.swift */ = {isa = PBXFileReference; fileEncoding = 4; lastKnownFileType = sourcecode.swift; path = HomePageHeaderView.swift; sourceTree = "<group>"; };
		BCBB16BF1DBDA89700BAA408 /* NavigationBarProtocol.swift */ = {isa = PBXFileReference; fileEncoding = 4; lastKnownFileType = sourcecode.swift; path = NavigationBarProtocol.swift; sourceTree = "<group>"; };
		BCBB16C11DBDA8AC00BAA408 /* RefreshProtocol.swift */ = {isa = PBXFileReference; fileEncoding = 4; lastKnownFileType = sourcecode.swift; path = RefreshProtocol.swift; sourceTree = "<group>"; };
		BCC54D341DCA01F6001D9806 /* DetailViewController.swift */ = {isa = PBXFileReference; fileEncoding = 4; lastKnownFileType = sourcecode.swift; path = DetailViewController.swift; sourceTree = "<group>"; };
		BCC8C9871DDC09200022DDB7 /* firstModel1.swift */ = {isa = PBXFileReference; fileEncoding = 4; lastKnownFileType = sourcecode.swift; path = firstModel1.swift; sourceTree = "<group>"; };
		BCC8C9891DDC0A200022DDB7 /* details_share_qzone_53x52_@1x.png */ = {isa = PBXFileReference; lastKnownFileType = image.png; path = "details_share_qzone_53x52_@1x.png"; sourceTree = "<group>"; };
		BCC8C98B1DDC0A2B0022DDB7 /* details_share_qq_icon_53x52_@1x.png */ = {isa = PBXFileReference; lastKnownFileType = image.png; path = "details_share_qq_icon_53x52_@1x.png"; sourceTree = "<group>"; };
		BCC8C98D1DDC0A350022DDB7 /* details_share_message_53x52_@1x.png */ = {isa = PBXFileReference; lastKnownFileType = image.png; path = "details_share_message_53x52_@1x.png"; sourceTree = "<group>"; };
		BCC8C98F1DDC0A3C0022DDB7 /* details_share_message_nopoint_53x52_@1x.png */ = {isa = PBXFileReference; lastKnownFileType = image.png; path = "details_share_message_nopoint_53x52_@1x.png"; sourceTree = "<group>"; };
		BCC8C9911DDC0A510022DDB7 /* details_share_qq_nopoint_53x52_@1x.png */ = {isa = PBXFileReference; lastKnownFileType = image.png; path = "details_share_qq_nopoint_53x52_@1x.png"; sourceTree = "<group>"; };
		BCC8C9931DDC0A590022DDB7 /* details_share_qzone_nopoint_53x52_@1x.png */ = {isa = PBXFileReference; lastKnownFileType = image.png; path = "details_share_qzone_nopoint_53x52_@1x.png"; sourceTree = "<group>"; };
		BCC8C9951DDC0A730022DDB7 /* details_share_sina_53x52_@1x.png */ = {isa = PBXFileReference; lastKnownFileType = image.png; path = "details_share_sina_53x52_@1x.png"; sourceTree = "<group>"; };
		BCC8C9961DDC0A730022DDB7 /* details_share_sina_nopoint_53x52_@1x.png */ = {isa = PBXFileReference; lastKnownFileType = image.png; path = "details_share_sina_nopoint_53x52_@1x.png"; sourceTree = "<group>"; };
		BCC8C9971DDC0A730022DDB7 /* details_share_weibo_53x52_@1x.png */ = {isa = PBXFileReference; lastKnownFileType = image.png; path = "details_share_weibo_53x52_@1x.png"; sourceTree = "<group>"; };
		BCC8C9981DDC0A730022DDB7 /* details_share_weibo_nopoint_53x52_@1x.png */ = {isa = PBXFileReference; lastKnownFileType = image.png; path = "details_share_weibo_nopoint_53x52_@1x.png"; sourceTree = "<group>"; };
		BCC8C9991DDC0A730022DDB7 /* details_share_weixin_53x52_@1x.png */ = {isa = PBXFileReference; lastKnownFileType = image.png; path = "details_share_weixin_53x52_@1x.png"; sourceTree = "<group>"; };
		BCC8C99A1DDC0A730022DDB7 /* details_share_weixin_nopoint_53x52_@1x.png */ = {isa = PBXFileReference; lastKnownFileType = image.png; path = "details_share_weixin_nopoint_53x52_@1x.png"; sourceTree = "<group>"; };
		BCC8C99B1DDC0A730022DDB7 /* details_share_weixinfriend_53x52_@1x.png */ = {isa = PBXFileReference; lastKnownFileType = image.png; path = "details_share_weixinfriend_53x52_@1x.png"; sourceTree = "<group>"; };
		BCC8C99C1DDC0A730022DDB7 /* details_share_weixinfriend_nopoint_53x52_@1x.png */ = {isa = PBXFileReference; lastKnownFileType = image.png; path = "details_share_weixinfriend_nopoint_53x52_@1x.png"; sourceTree = "<group>"; };
		BCC8C9A51DDC0AD90022DDB7 /* ShareViewController.swift */ = {isa = PBXFileReference; fileEncoding = 4; lastKnownFileType = sourcecode.swift; path = ShareViewController.swift; sourceTree = "<group>"; };
		BCC8C9A71DDC0B0A0022DDB7 /* EnterViewController.swift */ = {isa = PBXFileReference; fileEncoding = 4; lastKnownFileType = sourcecode.swift; path = EnterViewController.swift; sourceTree = "<group>"; };
		BCC8C9A91DDC0B5D0022DDB7 /* HistoryViewController.swift */ = {isa = PBXFileReference; fileEncoding = 4; lastKnownFileType = sourcecode.swift; path = HistoryViewController.swift; sourceTree = "<group>"; };
		BCC8C9AD1DDC0FE10022DDB7 /* sayhi54_156x26_@2x.png */ = {isa = PBXFileReference; lastKnownFileType = image.png; path = "sayhi54_156x26_@2x.png"; sourceTree = "<group>"; };
		BCC8C9AF1DDC15E50022DDB7 /* bg_show_qishu_320x50_@2x.png */ = {isa = PBXFileReference; lastKnownFileType = image.png; path = "bg_show_qishu_320x50_@2x.png"; sourceTree = "<group>"; };
		BCD7E3CA1DC7318E00584275 /* FourLabelCell.swift */ = {isa = PBXFileReference; fileEncoding = 4; lastKnownFileType = sourcecode.swift; path = FourLabelCell.swift; sourceTree = "<group>"; };
		BCD7E3CB1DC7318E00584275 /* FourLabelCell.xib */ = {isa = PBXFileReference; fileEncoding = 4; lastKnownFileType = file.xib; path = FourLabelCell.xib; sourceTree = "<group>"; };
		BCD916BE1DD4A4FA00C4B891 /* CollectModel.swift */ = {isa = PBXFileReference; fileEncoding = 4; lastKnownFileType = sourcecode.swift; path = CollectModel.swift; sourceTree = "<group>"; };
		BCD916C01DD4A8CC00C4B891 /* CollectView.swift */ = {isa = PBXFileReference; fileEncoding = 4; lastKnownFileType = sourcecode.swift; path = CollectView.swift; sourceTree = "<group>"; };
		BCD916C21DD4C21F00C4B891 /* CollectHeaderView1.swift */ = {isa = PBXFileReference; fileEncoding = 4; lastKnownFileType = sourcecode.swift; path = CollectHeaderView1.swift; sourceTree = "<group>"; };
		BCDF63B11DD9DC0400F5BD8E /* TableViewCell1.swift */ = {isa = PBXFileReference; fileEncoding = 4; lastKnownFileType = sourcecode.swift; path = TableViewCell1.swift; sourceTree = "<group>"; };
		BCDF63B21DD9DC0400F5BD8E /* TableViewCell1.xib */ = {isa = PBXFileReference; fileEncoding = 4; lastKnownFileType = file.xib; path = TableViewCell1.xib; sourceTree = "<group>"; };
		BCE598D51DD5F1A000A69B1E /* default_head_51x51_@1x.png */ = {isa = PBXFileReference; lastKnownFileType = image.png; path = "default_head_51x51_@1x.png"; sourceTree = "<group>"; };
		BCE598D61DD5F1A000A69B1E /* default_head_51x51_@2x.png */ = {isa = PBXFileReference; lastKnownFileType = image.png; path = "default_head_51x51_@2x.png"; sourceTree = "<group>"; };
		BCE598D71DD5F1A000A69B1E /* default_head_51x51_@3x.png */ = {isa = PBXFileReference; lastKnownFileType = image.png; path = "default_head_51x51_@3x.png"; sourceTree = "<group>"; };
		BCE598DB1DD5F1D500A69B1E /* detail_cache_selected_30x30_@1x.png */ = {isa = PBXFileReference; lastKnownFileType = image.png; path = "detail_cache_selected_30x30_@1x.png"; sourceTree = "<group>"; };
		BCE598DC1DD5F1D500A69B1E /* detail_cache_selected_30x30_@2x.png */ = {isa = PBXFileReference; lastKnownFileType = image.png; path = "detail_cache_selected_30x30_@2x.png"; sourceTree = "<group>"; };
		BCE598DF1DD5F1E100A69B1E /* detail_collect_selected_30x30_@1x.png */ = {isa = PBXFileReference; lastKnownFileType = image.png; path = "detail_collect_selected_30x30_@1x.png"; sourceTree = "<group>"; };
		BCE598E01DD5F1E100A69B1E /* detail_collect_selected_30x30_@2x.png */ = {isa = PBXFileReference; lastKnownFileType = image.png; path = "detail_collect_selected_30x30_@2x.png"; sourceTree = "<group>"; };
		BCE598E31DD5F1F700A69B1E /* detail_share_selected_30x30_@1x.png */ = {isa = PBXFileReference; lastKnownFileType = image.png; path = "detail_share_selected_30x30_@1x.png"; sourceTree = "<group>"; };
		BCE598E41DD5F1F700A69B1E /* detail_share_selected_30x30_@2x.png */ = {isa = PBXFileReference; lastKnownFileType = image.png; path = "detail_share_selected_30x30_@2x.png"; sourceTree = "<group>"; };
		BCEEB43D1DBE56E500407B15 /* BaseViewController.swift */ = {isa = PBXFileReference; fileEncoding = 4; lastKnownFileType = sourcecode.swift; path = BaseViewController.swift; sourceTree = "<group>"; };
		BCEEB43F1DBE578200407B15 /* HomePageViewController.swift */ = {isa = PBXFileReference; fileEncoding = 4; lastKnownFileType = sourcecode.swift; path = HomePageViewController.swift; sourceTree = "<group>"; };
		BCEEB4411DBE57CD00407B15 /* MainTabBarViewController.swift */ = {isa = PBXFileReference; fileEncoding = 4; lastKnownFileType = sourcecode.swift; path = MainTabBarViewController.swift; sourceTree = "<group>"; };
		BCF3FE271DBA20770015EDCD /* WangyuxiangLivevideo.app */ = {isa = PBXFileReference; explicitFileType = wrapper.application; includeInIndex = 0; path = WangyuxiangLivevideo.app; sourceTree = BUILT_PRODUCTS_DIR; };
		BCF3FE2A1DBA20770015EDCD /* AppDelegate.swift */ = {isa = PBXFileReference; lastKnownFileType = sourcecode.swift; path = AppDelegate.swift; sourceTree = "<group>"; };
		BCF3FE2C1DBA20770015EDCD /* ViewController.swift */ = {isa = PBXFileReference; lastKnownFileType = sourcecode.swift; path = ViewController.swift; sourceTree = "<group>"; };
		BCF3FE2F1DBA20770015EDCD /* Base */ = {isa = PBXFileReference; lastKnownFileType = file.storyboard; name = Base; path = Base.lproj/Main.storyboard; sourceTree = "<group>"; };
		BCF3FE311DBA20770015EDCD /* Assets.xcassets */ = {isa = PBXFileReference; lastKnownFileType = folder.assetcatalog; path = Assets.xcassets; sourceTree = "<group>"; };
		BCF3FE341DBA20770015EDCD /* Base */ = {isa = PBXFileReference; lastKnownFileType = file.storyboard; name = Base; path = Base.lproj/LaunchScreen.storyboard; sourceTree = "<group>"; };
		BCF3FE361DBA20770015EDCD /* Info.plist */ = {isa = PBXFileReference; lastKnownFileType = text.plist.xml; path = Info.plist; sourceTree = "<group>"; };
		BCF3FE3B1DBA20780015EDCD /* WangyuxiangLivevideoTests.xctest */ = {isa = PBXFileReference; explicitFileType = wrapper.cfbundle; includeInIndex = 0; path = WangyuxiangLivevideoTests.xctest; sourceTree = BUILT_PRODUCTS_DIR; };
		BCF3FE3F1DBA20780015EDCD /* WangyuxiangLivevideoTests.swift */ = {isa = PBXFileReference; lastKnownFileType = sourcecode.swift; path = WangyuxiangLivevideoTests.swift; sourceTree = "<group>"; };
		BCF3FE411DBA20780015EDCD /* Info.plist */ = {isa = PBXFileReference; lastKnownFileType = text.plist.xml; path = Info.plist; sourceTree = "<group>"; };
		BCF3FE461DBA20780015EDCD /* WangyuxiangLivevideoUITests.xctest */ = {isa = PBXFileReference; explicitFileType = wrapper.cfbundle; includeInIndex = 0; path = WangyuxiangLivevideoUITests.xctest; sourceTree = BUILT_PRODUCTS_DIR; };
		BCF3FE4A1DBA20780015EDCD /* WangyuxiangLivevideoUITests.swift */ = {isa = PBXFileReference; lastKnownFileType = sourcecode.swift; path = WangyuxiangLivevideoUITests.swift; sourceTree = "<group>"; };
		BCF3FE4C1DBA20780015EDCD /* Info.plist */ = {isa = PBXFileReference; lastKnownFileType = text.plist.xml; path = Info.plist; sourceTree = "<group>"; };
		BCF3FE7D1DBA32290015EDCD /* HomePageModel.swift */ = {isa = PBXFileReference; fileEncoding = 4; lastKnownFileType = sourcecode.swift; path = HomePageModel.swift; sourceTree = "<group>"; };
		BCF734F21DD5FA8D004C0600 /* home_cache_notselected_64x49_@1x.png */ = {isa = PBXFileReference; lastKnownFileType = image.png; path = "home_cache_notselected_64x49_@1x.png"; sourceTree = "<group>"; };
		BCF734F41DD5FAE6004C0600 /* 38bg_failed_black@2x.png */ = {isa = PBXFileReference; lastKnownFileType = image.png; path = "38bg_failed_black@2x.png"; sourceTree = "<group>"; };
		BCF734F61DD5FBEE004C0600 /* btn_rss_rss_normal_66x26_@1x.png */ = {isa = PBXFileReference; lastKnownFileType = image.png; path = "btn_rss_rss_normal_66x26_@1x.png"; sourceTree = "<group>"; };
		BCF734F81DD5FBFC004C0600 /* btn_rss_rss_press_66x26_@1x.png */ = {isa = PBXFileReference; lastKnownFileType = image.png; path = "btn_rss_rss_press_66x26_@1x.png"; sourceTree = "<group>"; };
		BCF734FA1DD5FC45004C0600 /* detail_share_30x30_@2x.png */ = {isa = PBXFileReference; lastKnownFileType = image.png; path = "detail_share_30x30_@2x.png"; sourceTree = "<group>"; };
		BCF734FC1DD5FCB9004C0600 /* detail_cache_30x30_@3x.png */ = {isa = PBXFileReference; lastKnownFileType = image.png; path = "detail_cache_30x30_@3x.png"; sourceTree = "<group>"; };
		BCF734FE1DD5FEAD004C0600 /* ic_my_fav_22x22_@3x.png */ = {isa = PBXFileReference; lastKnownFileType = image.png; path = "ic_my_fav_22x22_@3x.png"; sourceTree = "<group>"; };
		BCF735001DD5FEBD004C0600 /* ic_my_member_22x22_@3x.png */ = {isa = PBXFileReference; lastKnownFileType = image.png; path = "ic_my_member_22x22_@3x.png"; sourceTree = "<group>"; };
		BCF735021DD5FEE5004C0600 /* ic_my_upload_22x22_@3x.png */ = {isa = PBXFileReference; lastKnownFileType = image.png; path = "ic_my_upload_22x22_@3x.png"; sourceTree = "<group>"; };
		BCF735041DD60171004C0600 /* witch_206x250_@2x.png */ = {isa = PBXFileReference; lastKnownFileType = image.png; path = "witch_206x250_@2x.png"; sourceTree = "<group>"; };
		BCF735061DD60B5D004C0600 /* bg_failed_black@2x.png */ = {isa = PBXFileReference; lastKnownFileType = image.png; path = "bg_failed_black@2x.png"; sourceTree = "<group>"; };
		BCF735081DD60C3C004C0600 /* cache_233x348_@1x.png */ = {isa = PBXFileReference; lastKnownFileType = image.png; path = "cache_233x348_@1x.png"; sourceTree = "<group>"; };
		BCF735091DD60C3C004C0600 /* cache_233x348_@2x.png */ = {isa = PBXFileReference; lastKnownFileType = image.png; path = "cache_233x348_@2x.png"; sourceTree = "<group>"; };
		BCF7350A1DD60C3C004C0600 /* cache_233x348_@3x.png */ = {isa = PBXFileReference; lastKnownFileType = image.png; path = "cache_233x348_@3x.png"; sourceTree = "<group>"; };
		BCF7350E1DD60C71004C0600 /* EnshrineViewController.swift */ = {isa = PBXFileReference; fileEncoding = 4; lastKnownFileType = sourcecode.swift; path = EnshrineViewController.swift; sourceTree = "<group>"; };
		BCF735101DD60F2B004C0600 /* btn_card_allfollow_75x23_@1x.png */ = {isa = PBXFileReference; lastKnownFileType = image.png; path = "btn_card_allfollow_75x23_@1x.png"; sourceTree = "<group>"; };
		BCF735111DD60F2B004C0600 /* btn_card_allfollow_75x23_@2x.png */ = {isa = PBXFileReference; lastKnownFileType = image.png; path = "btn_card_allfollow_75x23_@2x.png"; sourceTree = "<group>"; };
		BCF735121DD60F2B004C0600 /* btn_card_allfollow_75x23_@3x.png */ = {isa = PBXFileReference; lastKnownFileType = image.png; path = "btn_card_allfollow_75x23_@3x.png"; sourceTree = "<group>"; };
		BCF735171DD60F82004C0600 /* btn_rss_rss_normal_66x26_@2x.png */ = {isa = PBXFileReference; lastKnownFileType = image.png; path = "btn_rss_rss_normal_66x26_@2x.png"; sourceTree = "<group>"; };
		BCF7351A1DD60F82004C0600 /* btn_rss_rss_press_66x26_@2x.png */ = {isa = PBXFileReference; lastKnownFileType = image.png; path = "btn_rss_rss_press_66x26_@2x.png"; sourceTree = "<group>"; };
		BDF115D6F5943F055F2BD878 /* Pods-WangyuxiangLivevideo.release.xcconfig */ = {isa = PBXFileReference; includeInIndex = 1; lastKnownFileType = text.xcconfig; name = "Pods-WangyuxiangLivevideo.release.xcconfig"; path = "Pods/Target Support Files/Pods-WangyuxiangLivevideo/Pods-WangyuxiangLivevideo.release.xcconfig"; sourceTree = "<group>"; };
		F0C18AF2C5235586CC588E18 /* Pods-WangyuxiangLivevideo.debug.xcconfig */ = {isa = PBXFileReference; includeInIndex = 1; lastKnownFileType = text.xcconfig; name = "Pods-WangyuxiangLivevideo.debug.xcconfig"; path = "Pods/Target Support Files/Pods-WangyuxiangLivevideo/Pods-WangyuxiangLivevideo.debug.xcconfig"; sourceTree = "<group>"; };
/* End PBXFileReference section */

/* Begin PBXFrameworksBuildPhase section */
		BCF3FE241DBA20770015EDCD /* Frameworks */ = {
			isa = PBXFrameworksBuildPhase;
			buildActionMask = 2147483647;
			files = (
				BFA862CEF844306BDF428DB3 /* Pods_WangyuxiangLivevideo.framework in Frameworks */,
			);
			runOnlyForDeploymentPostprocessing = 0;
		};
		BCF3FE381DBA20780015EDCD /* Frameworks */ = {
			isa = PBXFrameworksBuildPhase;
			buildActionMask = 2147483647;
			files = (
			);
			runOnlyForDeploymentPostprocessing = 0;
		};
		BCF3FE431DBA20780015EDCD /* Frameworks */ = {
			isa = PBXFrameworksBuildPhase;
			buildActionMask = 2147483647;
			files = (
			);
			runOnlyForDeploymentPostprocessing = 0;
		};
/* End PBXFrameworksBuildPhase section */

/* Begin PBXGroup section */
		A54772983050CC3BAB423287 /* Pods */ = {
			isa = PBXGroup;
			children = (
				F0C18AF2C5235586CC588E18 /* Pods-WangyuxiangLivevideo.debug.xcconfig */,
				BDF115D6F5943F055F2BD878 /* Pods-WangyuxiangLivevideo.release.xcconfig */,
			);
			name = Pods;
			sourceTree = "<group>";
		};
		B974228B2EFDDFB07D324F4B /* Frameworks */ = {
			isa = PBXGroup;
			children = (
				7F3DCD7FC666938256F1615D /* Pods_WangyuxiangLivevideo.framework */,
			);
			name = Frameworks;
			sourceTree = "<group>";
		};
		BC2547C31DBE30C60090C718 /* other */ = {
			isa = PBXGroup;
			children = (
				BC2547C41DBE30E80090C718 /* Theme.swift */,
				BC8368AF1DCCC784007828FD /* KtcSegCtrl.swift */,
				BCEEB43D1DBE56E500407B15 /* BaseViewController.swift */,
				BCEEB4411DBE57CD00407B15 /* MainTabBarViewController.swift */,
				BC682F7E1DBFAB820025B976 /* UIView+Common.swift */,
				BC8368B51DCCC9CE007828FD /* UIButton+Common.swift */,
				BC8368B31DCCC857007828FD /* UILabel+Common.swift */,
			);
			name = other;
			sourceTree = "<group>";
		};
		BC682EDE1DBF566E0025B976 /* film(电影) */ = {
			isa = PBXGroup;
			children = (
				BC682EDF1DBF566E0025B976 /* controller */,
				BC682EE01DBF566E0025B976 /* model */,
				BC682EE11DBF566E0025B976 /* view */,
			);
			name = "film(电影)";
			path = "main(主要模块)/variety(综艺)";
			sourceTree = "<group>";
		};
		BC682EDF1DBF566E0025B976 /* controller */ = {
			isa = PBXGroup;
			children = (
			);
			path = controller;
			sourceTree = "<group>";
		};
		BC682EE01DBF566E0025B976 /* model */ = {
			isa = PBXGroup;
			children = (
			);
			path = model;
			sourceTree = "<group>";
		};
		BC682EE11DBF566E0025B976 /* view */ = {
			isa = PBXGroup;
			children = (
				BCB63B071DC43B8D000B79C6 /* AllHeardView.swift */,
				BCB781531DC0F0B8008C7AE9 /* HomePageHeaderView.swift */,
				BC682F7A1DBF9E0A0025B976 /* Slideareacell.swift */,
				BC682F7B1DBF9E0A0025B976 /* Slideareacell.xib */,
				BCB7814D1DC0CC16008C7AE9 /* HomePageHotCell.swift */,
				BCB7814E1DC0CC16008C7AE9 /* HomePageHotCell.xib */,
				BCD7E3CA1DC7318E00584275 /* FourLabelCell.swift */,
				BCD7E3CB1DC7318E00584275 /* FourLabelCell.xib */,
				BCACBAC31DC33F7000DDF48A /* AllCell.swift */,
				BCACBAC41DC33F7000DDF48A /* AllCell.xib */,
				BCB63B091DC48392000B79C6 /* FourCell.swift */,
				BCB63B0A1DC48392000B79C6 /* FourCell.xib */,
				BC5EFF591DC8519E00A467AE /* TwoCell.swift */,
				BC5EFF5A1DC8519E00A467AE /* TwoCell.xib */,
				BCDF63B11DD9DC0400F5BD8E /* TableViewCell1.swift */,
				BCDF63B21DD9DC0400F5BD8E /* TableViewCell1.xib */,
			);
			path = view;
			sourceTree = "<group>";
		};
		BC682EE21DBF5DD60025B976 /* 资料 */ = {
			isa = PBXGroup;
			children = (
				BCD9168F1DD42DEA00C4B891 /* 图片 */,
				BC682EE31DBF5DD60025B976 /* tabbar */,
			);
			path = "资料";
			sourceTree = "<group>";
		};
		BC682EE31DBF5DD60025B976 /* tabbar */ = {
			isa = PBXGroup;
			children = (
				BCF735171DD60F82004C0600 /* btn_rss_rss_normal_66x26_@2x.png */,
				BCF7351A1DD60F82004C0600 /* btn_rss_rss_press_66x26_@2x.png */,
				BCA06F181DD303B200C8BA98 /* 0.png */,
				BCA06F1A1DD3042000C8BA98 /* 10_1.jpg */,
				BC813AFB1DD1B3DF00291B0F /* bubble.png */,
				BC813AF91DD1B2ED00291B0F /* ic_ipad_close.png */,
				BC813AF71DD1B2C100291B0F /* photo_preview_selected.png */,
				BC16EDC91DD079D400E9D08B /* more_icon.png */,
				BC8368B71DCCCAE9007828FD /* navBtn_bag.png */,
				BC682EE51DBF5E110025B976 /* ic_tab_discover_27x27_@2x.png */,
				BC682EE81DBF5E110025B976 /* ic_tab_discover_select_27x27_@2x.png */,
				BC682EEB1DBF5E110025B976 /* ic_tab_home_27x27_@2x.png */,
				BC682EEE1DBF5E110025B976 /* ic_tab_home_select_27x27_@2x.png */,
				BC682EF01DBF5E110025B976 /* ic_tab_member_27x27_@2x.png */,
				BC682EF21DBF5E110025B976 /* ic_tab_member_select_27x27_@2x.png */,
				BC682EF51DBF5E110025B976 /* ic_tab_my_27x27_@2x.png */,
				BC682EF81DBF5E110025B976 /* ic_tab_my_select_27x27_@2x.png */,
				BC682EFB1DBF5E110025B976 /* ic_tab_rss_27x27_@2x.png */,
				BC682EFE1DBF5E110025B976 /* ic_tab_rss_select_27x27_@2x.png */,
				BC8368B91DCCD63A007828FD /* button_icon_refresh_landscape@2x.png */,
				BC682F001DBF5E110025B976 /* tab_1_up@2x.png */,
				BC682F011DBF5E110025B976 /* tab_3_up@2x.png */,
				BC682F021DBF5E110025B976 /* tab_5_up@2x.png */,
				BC682F031DBF5E110025B976 /* tab_9_up@2x.png */,
				BC682F041DBF5E110025B976 /* tab_10_up@2x.png */,
				BC682F051DBF5E110025B976 /* tab_15_up@2x.png */,
				BC682F061DBF5E110025B976 /* tab_21_up@2x.png */,
				BC682F071DBF5E110025B976 /* tab_22_up@2x.png */,
				BC682F081DBF5E110025B976 /* tab_26_up@2x.png */,
				BC682F091DBF5E110025B976 /* tab_28_up@2x.png */,
				BC682F0A1DBF5E110025B976 /* tab_29_up@2x.png */,
				BC682F0B1DBF5E110025B976 /* tab_30_up@2x.png */,
				BC682F0C1DBF5E110025B976 /* tab_31_up@2x.png */,
				BC682F0D1DBF5E110025B976 /* tab_99_up@2x.png */,
				BCB7814B1DC0B866008C7AE9 /* sdefaultImage.png */,
				BCB781511DC0EF63008C7AE9 /* search1.png */,
			);
			path = tabbar;
			sourceTree = "<group>";
		};
		BC7038BD1DD360390019D4A9 /* startView */ = {
			isa = PBXGroup;
			children = (
				BC7038BE1DD360AE0019D4A9 /* GuideViewController.swift */,
			);
			name = startView;
			path = "homepage(首页)";
			sourceTree = "<group>";
		};
		BCBB16BE1DBDA87B00BAA408 /* Protocols */ = {
			isa = PBXGroup;
			children = (
				BCBB16BF1DBDA89700BAA408 /* NavigationBarProtocol.swift */,
				BCBB16C11DBDA8AC00BAA408 /* RefreshProtocol.swift */,
			);
			name = Protocols;
			sourceTree = "<group>";
		};
		BCD9168F1DD42DEA00C4B891 /* 图片 */ = {
			isa = PBXGroup;
			children = (
				BC688EFD1DDC7BFE0094978F /* guideImage1_640x960_@1x.png */,
				BC688F011DDC7BFE0094978F /* guideImage2_640x960_@1x.png */,
				BC688F051DDC7BFE0094978F /* guideImage3_640x960_@1x.png */,
				BCC8C9AF1DDC15E50022DDB7 /* bg_show_qishu_320x50_@2x.png */,
				BCC8C9AD1DDC0FE10022DDB7 /* sayhi54_156x26_@2x.png */,
				BCF735101DD60F2B004C0600 /* btn_card_allfollow_75x23_@1x.png */,
				BCF735111DD60F2B004C0600 /* btn_card_allfollow_75x23_@2x.png */,
				BCF735121DD60F2B004C0600 /* btn_card_allfollow_75x23_@3x.png */,
				BCF735081DD60C3C004C0600 /* cache_233x348_@1x.png */,
				BCF735091DD60C3C004C0600 /* cache_233x348_@2x.png */,
				BCF7350A1DD60C3C004C0600 /* cache_233x348_@3x.png */,
				BCF735061DD60B5D004C0600 /* bg_failed_black@2x.png */,
				BCF735041DD60171004C0600 /* witch_206x250_@2x.png */,
				BCF735021DD5FEE5004C0600 /* ic_my_upload_22x22_@3x.png */,
				BCF735001DD5FEBD004C0600 /* ic_my_member_22x22_@3x.png */,
				BCF734FE1DD5FEAD004C0600 /* ic_my_fav_22x22_@3x.png */,
				BCF734FC1DD5FCB9004C0600 /* detail_cache_30x30_@3x.png */,
				BCF734F41DD5FAE6004C0600 /* 38bg_failed_black@2x.png */,
				BCF734F21DD5FA8D004C0600 /* home_cache_notselected_64x49_@1x.png */,
				BCE598E31DD5F1F700A69B1E /* detail_share_selected_30x30_@1x.png */,
				BCE598E41DD5F1F700A69B1E /* detail_share_selected_30x30_@2x.png */,
				BCE598DF1DD5F1E100A69B1E /* detail_collect_selected_30x30_@1x.png */,
				BCE598E01DD5F1E100A69B1E /* detail_collect_selected_30x30_@2x.png */,
				BCE598DB1DD5F1D500A69B1E /* detail_cache_selected_30x30_@1x.png */,
				BCE598DC1DD5F1D500A69B1E /* detail_cache_selected_30x30_@2x.png */,
				BCE598D51DD5F1A000A69B1E /* default_head_51x51_@1x.png */,
				BCE598D61DD5F1A000A69B1E /* default_head_51x51_@2x.png */,
				BCE598D71DD5F1A000A69B1E /* default_head_51x51_@3x.png */,
				BCF734F61DD5FBEE004C0600 /* btn_rss_rss_normal_66x26_@1x.png */,
				BCF734FA1DD5FC45004C0600 /* detail_share_30x30_@2x.png */,
				BCF734F81DD5FBFC004C0600 /* btn_rss_rss_press_66x26_@1x.png */,
			);
			name = "图片";
			path = "../../resources(资源)";
			sourceTree = "<group>";
		};
		BCF3FE1E1DBA20770015EDCD = {
			isa = PBXGroup;
			children = (
				BCF3FE581DBA221B0015EDCD /* classes */,
				BCF3FE291DBA20770015EDCD /* WangyuxiangLivevideo */,
				BCF3FE3E1DBA20780015EDCD /* WangyuxiangLivevideoTests */,
				BCF3FE491DBA20780015EDCD /* WangyuxiangLivevideoUITests */,
				BCF3FE281DBA20770015EDCD /* Products */,
				A54772983050CC3BAB423287 /* Pods */,
				B974228B2EFDDFB07D324F4B /* Frameworks */,
			);
			sourceTree = "<group>";
		};
		BCF3FE281DBA20770015EDCD /* Products */ = {
			isa = PBXGroup;
			children = (
				BCF3FE271DBA20770015EDCD /* WangyuxiangLivevideo.app */,
				BCF3FE3B1DBA20780015EDCD /* WangyuxiangLivevideoTests.xctest */,
				BCF3FE461DBA20780015EDCD /* WangyuxiangLivevideoUITests.xctest */,
			);
			name = Products;
			sourceTree = "<group>";
		};
		BCF3FE291DBA20770015EDCD /* WangyuxiangLivevideo */ = {
			isa = PBXGroup;
			children = (
				BC3C7E3F1DE6A2D0006AB0DC /* BridgeHeader.h */,
				BCF3FE2A1DBA20770015EDCD /* AppDelegate.swift */,
				BCF3FE2C1DBA20770015EDCD /* ViewController.swift */,
				BCF3FE2E1DBA20770015EDCD /* Main.storyboard */,
				BCF3FE311DBA20770015EDCD /* Assets.xcassets */,
				BCF3FE331DBA20770015EDCD /* LaunchScreen.storyboard */,
				BCF3FE361DBA20770015EDCD /* Info.plist */,
			);
			path = WangyuxiangLivevideo;
			sourceTree = "<group>";
		};
		BCF3FE3E1DBA20780015EDCD /* WangyuxiangLivevideoTests */ = {
			isa = PBXGroup;
			children = (
				BCF3FE3F1DBA20780015EDCD /* WangyuxiangLivevideoTests.swift */,
				BCF3FE411DBA20780015EDCD /* Info.plist */,
			);
			path = WangyuxiangLivevideoTests;
			sourceTree = "<group>";
		};
		BCF3FE491DBA20780015EDCD /* WangyuxiangLivevideoUITests */ = {
			isa = PBXGroup;
			children = (
				BCF3FE4A1DBA20780015EDCD /* WangyuxiangLivevideoUITests.swift */,
				BCF3FE4C1DBA20780015EDCD /* Info.plist */,
			);
			path = WangyuxiangLivevideoUITests;
			sourceTree = "<group>";
		};
		BCF3FE581DBA221B0015EDCD /* classes */ = {
			isa = PBXGroup;
			children = (
				BC7038BD1DD360390019D4A9 /* startView */,
				BCF3FE761DBA23020015EDCD /* homepage(首页) */,
				BCF3FE6C1DBA221B0015EDCD /* subscibe(订阅) */,
				BCF3FE5F1DBA221B0015EDCD /* discover(收藏) */,
				BCF3FE651DBA221B0015EDCD /* profile(我的) */,
				BCF3FE591DBA221B0015EDCD /* common(公共类) */,
				BCF3FE6B1DBA221B0015EDCD /* resources(资源) */,
			);
			name = classes;
			path = WangyuxiangLivevideo/classes;
			sourceTree = "<group>";
		};
		BCF3FE591DBA221B0015EDCD /* common(公共类) */ = {
			isa = PBXGroup;
			children = (
				BC2547C31DBE30C60090C718 /* other */,
				BCBB16BE1DBDA87B00BAA408 /* Protocols */,
				BC682EE21DBF5DD60025B976 /* 资料 */,
			);
			path = "common(公共类)";
			sourceTree = "<group>";
		};
		BCF3FE5F1DBA221B0015EDCD /* discover(收藏) */ = {
			isa = PBXGroup;
			children = (
				BCF3FE601DBA221B0015EDCD /* main(主要模块) */,
			);
			name = "discover(收藏)";
			path = "discover(发现)";
			sourceTree = "<group>";
		};
		BCF3FE601DBA221B0015EDCD /* main(主要模块) */ = {
			isa = PBXGroup;
			children = (
				BCF3FE611DBA221B0015EDCD /* controller */,
				BCF3FE631DBA221B0015EDCD /* model */,
				BCF3FE641DBA221B0015EDCD /* view */,
			);
			path = "main(主要模块)";
			sourceTree = "<group>";
		};
		BCF3FE611DBA221B0015EDCD /* controller */ = {
			isa = PBXGroup;
			children = (
				BC682F3A1DBF5F160025B976 /* DiscoverViewController.swift */,
			);
			path = controller;
			sourceTree = "<group>";
		};
		BCF3FE631DBA221B0015EDCD /* model */ = {
			isa = PBXGroup;
			children = (
				BCD916BE1DD4A4FA00C4B891 /* CollectModel.swift */,
			);
			path = model;
			sourceTree = "<group>";
		};
		BCF3FE641DBA221B0015EDCD /* view */ = {
			isa = PBXGroup;
			children = (
				BCD916C01DD4A8CC00C4B891 /* CollectView.swift */,
				BCD916C21DD4C21F00C4B891 /* CollectHeaderView1.swift */,
			);
			path = view;
			sourceTree = "<group>";
		};
		BCF3FE651DBA221B0015EDCD /* profile(我的) */ = {
			isa = PBXGroup;
			children = (
				BCF3FE661DBA221B0015EDCD /* main(主要模块) */,
			);
			path = "profile(我的)";
			sourceTree = "<group>";
		};
		BCF3FE661DBA221B0015EDCD /* main(主要模块) */ = {
			isa = PBXGroup;
			children = (
				BCF3FE671DBA221B0015EDCD /* controller */,
				BCF3FE691DBA221B0015EDCD /* model */,
				BCF3FE6A1DBA221B0015EDCD /* view */,
			);
			path = "main(主要模块)";
			sourceTree = "<group>";
		};
		BCF3FE671DBA221B0015EDCD /* controller */ = {
			isa = PBXGroup;
			children = (
				BC682F3C1DBF5F270025B976 /* ProfileViewController.swift */,
			);
			path = controller;
			sourceTree = "<group>";
		};
		BCF3FE691DBA221B0015EDCD /* model */ = {
			isa = PBXGroup;
			children = (
			);
			path = model;
			sourceTree = "<group>";
		};
		BCF3FE6A1DBA221B0015EDCD /* view */ = {
			isa = PBXGroup;
			children = (
				BC7038671DD35A740019D4A9 /* ProfileCell.swift */,
				BC7038681DD35A740019D4A9 /* ProfileCell.xib */,
				BCF7350E1DD60C71004C0600 /* EnshrineViewController.swift */,
				BCC8C9A51DDC0AD90022DDB7 /* ShareViewController.swift */,
				BCC8C9A71DDC0B0A0022DDB7 /* EnterViewController.swift */,
				BCC8C9A91DDC0B5D0022DDB7 /* HistoryViewController.swift */,
			);
			path = view;
			sourceTree = "<group>";
		};
		BCF3FE6B1DBA221B0015EDCD /* resources(资源) */ = {
			isa = PBXGroup;
			children = (
				BC7454471DDC94BB00B38461 /* detail_cache_30x30_@3x.png */,
				BCC8C9951DDC0A730022DDB7 /* details_share_sina_53x52_@1x.png */,
				BCC8C9961DDC0A730022DDB7 /* details_share_sina_nopoint_53x52_@1x.png */,
				BCC8C9971DDC0A730022DDB7 /* details_share_weibo_53x52_@1x.png */,
				BCC8C9981DDC0A730022DDB7 /* details_share_weibo_nopoint_53x52_@1x.png */,
				BCC8C9991DDC0A730022DDB7 /* details_share_weixin_53x52_@1x.png */,
				BCC8C99A1DDC0A730022DDB7 /* details_share_weixin_nopoint_53x52_@1x.png */,
				BCC8C99B1DDC0A730022DDB7 /* details_share_weixinfriend_53x52_@1x.png */,
				BCC8C99C1DDC0A730022DDB7 /* details_share_weixinfriend_nopoint_53x52_@1x.png */,
				BCC8C9931DDC0A590022DDB7 /* details_share_qzone_nopoint_53x52_@1x.png */,
				BCC8C9911DDC0A510022DDB7 /* details_share_qq_nopoint_53x52_@1x.png */,
				BCC8C98F1DDC0A3C0022DDB7 /* details_share_message_nopoint_53x52_@1x.png */,
				BCC8C98D1DDC0A350022DDB7 /* details_share_message_53x52_@1x.png */,
				BCC8C98B1DDC0A2B0022DDB7 /* details_share_qq_icon_53x52_@1x.png */,
				BCC8C9891DDC0A200022DDB7 /* details_share_qzone_53x52_@1x.png */,
			);
			path = "resources(资源)";
			sourceTree = "<group>";
		};
		BCF3FE6C1DBA221B0015EDCD /* subscibe(订阅) */ = {
			isa = PBXGroup;
			children = (
				BCF3FE6D1DBA221B0015EDCD /* main(主要模块) */,
			);
			path = "subscibe(订阅)";
			sourceTree = "<group>";
		};
		BCF3FE6D1DBA221B0015EDCD /* main(主要模块) */ = {
			isa = PBXGroup;
			children = (
				BCF3FE6E1DBA221B0015EDCD /* controller */,
				BCF3FE701DBA221B0015EDCD /* model */,
				BCF3FE711DBA221B0015EDCD /* view */,
			);
			path = "main(主要模块)";
			sourceTree = "<group>";
		};
		BCF3FE6E1DBA221B0015EDCD /* controller */ = {
			isa = PBXGroup;
			children = (
				BC682F381DBF5EFF0025B976 /* SubscibeViewController.swift */,
			);
			path = controller;
			sourceTree = "<group>";
		};
		BCF3FE701DBA221B0015EDCD /* model */ = {
			isa = PBXGroup;
			children = (
				BC9730411DCDB29E00B65E84 /* FirstModel.swift */,
				BCC8C9871DDC09200022DDB7 /* firstModel1.swift */,
				BC813AFD1DD1C70200291B0F /* FourImageModel.swift */,
			);
			path = model;
			sourceTree = "<group>";
		};
		BCF3FE711DBA221B0015EDCD /* view */ = {
			isa = PBXGroup;
			children = (
				BC8368AD1DCCC314007828FD /* subscriptionView.swift */,
				BC16EDCD1DD0B07A00E9D08B /* firstCell.swift */,
				BC16EDCE1DD0B07A00E9D08B /* firstCell.xib */,
				BCB1F5911DD0D30E00A2C971 /* fourImageView.swift */,
				BC813AFF1DD1D0B400291B0F /* FourCollectionViewCell.swift */,
				BC813B001DD1D0B400291B0F /* FourCollectionViewCell.xib */,
				BCA06F221DD31D1100C8BA98 /* HeaderReusableView.swift */,
				BCA06F1E1DD315B600C8BA98 /* FourDetailViewController1.swift */,
			);
			path = view;
			sourceTree = "<group>";
		};
		BCF3FE761DBA23020015EDCD /* homepage(首页) */ = {
			isa = PBXGroup;
			children = (
				BCF3FE771DBA23020015EDCD /* main(主要模块) */,
				BC682EDE1DBF566E0025B976 /* film(电影) */,
			);
			path = "homepage(首页)";
			sourceTree = "<group>";
		};
		BCF3FE771DBA23020015EDCD /* main(主要模块) */ = {
			isa = PBXGroup;
			children = (
				BCF3FE781DBA23020015EDCD /* controller */,
				BCF3FE791DBA23020015EDCD /* model */,
				BCF3FE7A1DBA23020015EDCD /* view */,
			);
			path = "main(主要模块)";
			sourceTree = "<group>";
		};
		BCF3FE781DBA23020015EDCD /* controller */ = {
			isa = PBXGroup;
			children = (
				BCEEB43F1DBE578200407B15 /* HomePageViewController.swift */,
			);
			path = controller;
			sourceTree = "<group>";
		};
		BCF3FE791DBA23020015EDCD /* model */ = {
			isa = PBXGroup;
			children = (
				BCF3FE7D1DBA32290015EDCD /* HomePageModel.swift */,
			);
			path = model;
			sourceTree = "<group>";
		};
		BCF3FE7A1DBA23020015EDCD /* view */ = {
			isa = PBXGroup;
			children = (
				BC682F781DBF9D660025B976 /* HomePageView.swift */,
				BC8368AB1DCCAA54007828FD /* HiddenTabViewController.swift */,
				BCC54D341DCA01F6001D9806 /* DetailViewController.swift */,
			);
			path = view;
			sourceTree = "<group>";
		};
/* End PBXGroup section */

/* Begin PBXNativeTarget section */
		BCF3FE261DBA20770015EDCD /* WangyuxiangLivevideo */ = {
			isa = PBXNativeTarget;
			buildConfigurationList = BCF3FE4F1DBA20780015EDCD /* Build configuration list for PBXNativeTarget "WangyuxiangLivevideo" */;
			buildPhases = (
				7511EAD2B46451D2385FD7E9 /* [CP] Check Pods Manifest.lock */,
				BCF3FE231DBA20770015EDCD /* Sources */,
				BCF3FE241DBA20770015EDCD /* Frameworks */,
				BCF3FE251DBA20770015EDCD /* Resources */,
				AC87A8B676621986D9BAF4F3 /* [CP] Embed Pods Frameworks */,
				9B13B01A5E01594341674592 /* [CP] Copy Pods Resources */,
			);
			buildRules = (
			);
			dependencies = (
			);
			name = WangyuxiangLivevideo;
			productName = WangyuxiangLivevideo;
			productReference = BCF3FE271DBA20770015EDCD /* WangyuxiangLivevideo.app */;
			productType = "com.apple.product-type.application";
		};
		BCF3FE3A1DBA20780015EDCD /* WangyuxiangLivevideoTests */ = {
			isa = PBXNativeTarget;
			buildConfigurationList = BCF3FE521DBA20780015EDCD /* Build configuration list for PBXNativeTarget "WangyuxiangLivevideoTests" */;
			buildPhases = (
				BCF3FE371DBA20780015EDCD /* Sources */,
				BCF3FE381DBA20780015EDCD /* Frameworks */,
				BCF3FE391DBA20780015EDCD /* Resources */,
			);
			buildRules = (
			);
			dependencies = (
				BCF3FE3D1DBA20780015EDCD /* PBXTargetDependency */,
			);
			name = WangyuxiangLivevideoTests;
			productName = WangyuxiangLivevideoTests;
			productReference = BCF3FE3B1DBA20780015EDCD /* WangyuxiangLivevideoTests.xctest */;
			productType = "com.apple.product-type.bundle.unit-test";
		};
		BCF3FE451DBA20780015EDCD /* WangyuxiangLivevideoUITests */ = {
			isa = PBXNativeTarget;
			buildConfigurationList = BCF3FE551DBA20780015EDCD /* Build configuration list for PBXNativeTarget "WangyuxiangLivevideoUITests" */;
			buildPhases = (
				BCF3FE421DBA20780015EDCD /* Sources */,
				BCF3FE431DBA20780015EDCD /* Frameworks */,
				BCF3FE441DBA20780015EDCD /* Resources */,
			);
			buildRules = (
			);
			dependencies = (
				BCF3FE481DBA20780015EDCD /* PBXTargetDependency */,
			);
			name = WangyuxiangLivevideoUITests;
			productName = WangyuxiangLivevideoUITests;
			productReference = BCF3FE461DBA20780015EDCD /* WangyuxiangLivevideoUITests.xctest */;
			productType = "com.apple.product-type.bundle.ui-testing";
		};
/* End PBXNativeTarget section */

/* Begin PBXProject section */
		BCF3FE1F1DBA20770015EDCD /* Project object */ = {
			isa = PBXProject;
			attributes = {
				LastSwiftUpdateCheck = 0730;
				LastUpgradeCheck = 0730;
				ORGANIZATIONNAME = zhb;
				TargetAttributes = {
					BCF3FE261DBA20770015EDCD = {
						CreatedOnToolsVersion = 7.3.1;
					};
					BCF3FE3A1DBA20780015EDCD = {
						CreatedOnToolsVersion = 7.3.1;
						TestTargetID = BCF3FE261DBA20770015EDCD;
					};
					BCF3FE451DBA20780015EDCD = {
						CreatedOnToolsVersion = 7.3.1;
						TestTargetID = BCF3FE261DBA20770015EDCD;
					};
				};
			};
			buildConfigurationList = BCF3FE221DBA20770015EDCD /* Build configuration list for PBXProject "WangyuxiangLivevideo" */;
			compatibilityVersion = "Xcode 3.2";
			developmentRegion = English;
			hasScannedForEncodings = 0;
			knownRegions = (
				en,
				Base,
			);
			mainGroup = BCF3FE1E1DBA20770015EDCD;
			productRefGroup = BCF3FE281DBA20770015EDCD /* Products */;
			projectDirPath = "";
			projectRoot = "";
			targets = (
				BCF3FE261DBA20770015EDCD /* WangyuxiangLivevideo */,
				BCF3FE3A1DBA20780015EDCD /* WangyuxiangLivevideoTests */,
				BCF3FE451DBA20780015EDCD /* WangyuxiangLivevideoUITests */,
			);
		};
/* End PBXProject section */

/* Begin PBXResourcesBuildPhase section */
		BCF3FE251DBA20770015EDCD /* Resources */ = {
			isa = PBXResourcesBuildPhase;
			buildActionMask = 2147483647;
			files = (
				BC682F151DBF5E110025B976 /* ic_tab_home_27x27_@2x.png in Resources */,
				BCB63B0C1DC48392000B79C6 /* FourCell.xib in Resources */,
				BCC8C9A11DDC0A730022DDB7 /* details_share_weixin_53x52_@1x.png in Resources */,
				BCA06F1B1DD3042000C8BA98 /* 10_1.jpg in Resources */,
				BCD7E3CD1DC7318E00584275 /* FourLabelCell.xib in Resources */,
				BC682F371DBF5E110025B976 /* tab_99_up@2x.png in Resources */,
				BC682F2B1DBF5E110025B976 /* tab_3_up@2x.png in Resources */,
				BC7454481DDC94BB00B38461 /* detail_cache_30x30_@3x.png in Resources */,
				BCE598D91DD5F1A000A69B1E /* default_head_51x51_@2x.png in Resources */,
				BC682F361DBF5E110025B976 /* tab_31_up@2x.png in Resources */,
				BC8368B81DCCCAE9007828FD /* navBtn_bag.png in Resources */,
				BCF734F91DD5FBFC004C0600 /* btn_rss_rss_press_66x26_@1x.png in Resources */,
				BC8368BA1DCCD63A007828FD /* button_icon_refresh_landscape@2x.png in Resources */,
				BCACBAC61DC33F7000DDF48A /* AllCell.xib in Resources */,
				BCE598E11DD5F1E100A69B1E /* detail_collect_selected_30x30_@1x.png in Resources */,
				BC682F121DBF5E110025B976 /* ic_tab_discover_select_27x27_@2x.png in Resources */,
				BCF7351D1DD60F82004C0600 /* btn_rss_rss_normal_66x26_@2x.png in Resources */,
				BCC8C99D1DDC0A730022DDB7 /* details_share_sina_53x52_@1x.png in Resources */,
				BCF735071DD60B5D004C0600 /* bg_failed_black@2x.png in Resources */,
				BC682F341DBF5E110025B976 /* tab_29_up@2x.png in Resources */,
				BC682F331DBF5E110025B976 /* tab_28_up@2x.png in Resources */,
				BC682F7D1DBF9E0A0025B976 /* Slideareacell.xib in Resources */,
				BC70386A1DD35A740019D4A9 /* ProfileCell.xib in Resources */,
				BCC8C9901DDC0A3C0022DDB7 /* details_share_message_nopoint_53x52_@1x.png in Resources */,
				BC813AFC1DD1B3DF00291B0F /* bubble.png in Resources */,
				BCC8C99E1DDC0A730022DDB7 /* details_share_sina_nopoint_53x52_@1x.png in Resources */,
				BCF7350D1DD60C3C004C0600 /* cache_233x348_@3x.png in Resources */,
				BCE598DE1DD5F1D500A69B1E /* detail_cache_selected_30x30_@2x.png in Resources */,
				BC682F2C1DBF5E110025B976 /* tab_5_up@2x.png in Resources */,
				BC682F351DBF5E110025B976 /* tab_30_up@2x.png in Resources */,
				BC688F111DDC7BFE0094978F /* guideImage3_640x960_@1x.png in Resources */,
				BCF735011DD5FEBD004C0600 /* ic_my_member_22x22_@3x.png in Resources */,
				BCB7814C1DC0B866008C7AE9 /* sdefaultImage.png in Resources */,
				BCC8C9921DDC0A510022DDB7 /* details_share_qq_nopoint_53x52_@1x.png in Resources */,
				BC16EDD01DD0B07A00E9D08B /* firstCell.xib in Resources */,
				BCF735201DD60F82004C0600 /* btn_rss_rss_press_66x26_@2x.png in Resources */,
				BCB781521DC0EF63008C7AE9 /* search1.png in Resources */,
				BCF7350B1DD60C3C004C0600 /* cache_233x348_@1x.png in Resources */,
				BCF734FD1DD5FCB9004C0600 /* detail_cache_30x30_@3x.png in Resources */,
				BCDF63B41DD9DC0400F5BD8E /* TableViewCell1.xib in Resources */,
				BCC8C9941DDC0A590022DDB7 /* details_share_qzone_nopoint_53x52_@1x.png in Resources */,
				BCF735151DD60F2C004C0600 /* btn_card_allfollow_75x23_@3x.png in Resources */,
				BC813AF81DD1B2C100291B0F /* photo_preview_selected.png in Resources */,
				BCE598E21DD5F1E100A69B1E /* detail_collect_selected_30x30_@2x.png in Resources */,
				BC688F091DDC7BFE0094978F /* guideImage1_640x960_@1x.png in Resources */,
				BC682F181DBF5E110025B976 /* ic_tab_home_select_27x27_@2x.png in Resources */,
				BCC8C98E1DDC0A350022DDB7 /* details_share_message_53x52_@1x.png in Resources */,
				BC682F301DBF5E110025B976 /* tab_21_up@2x.png in Resources */,
				BCC8C99F1DDC0A730022DDB7 /* details_share_weibo_53x52_@1x.png in Resources */,
				BCC8C9AE1DDC0FE10022DDB7 /* sayhi54_156x26_@2x.png in Resources */,
				BCC8C98C1DDC0A2B0022DDB7 /* details_share_qq_icon_53x52_@1x.png in Resources */,
				BC682F1F1DBF5E110025B976 /* ic_tab_my_27x27_@2x.png in Resources */,
				BC813B021DD1D0B400291B0F /* FourCollectionViewCell.xib in Resources */,
				BCE598E61DD5F1F700A69B1E /* detail_share_selected_30x30_@2x.png in Resources */,
				BCC8C9A21DDC0A730022DDB7 /* details_share_weixin_nopoint_53x52_@1x.png in Resources */,
				BC5EFF5C1DC8519E00A467AE /* TwoCell.xib in Resources */,
				BCF3FE351DBA20770015EDCD /* LaunchScreen.storyboard in Resources */,
				BCE598DD1DD5F1D500A69B1E /* detail_cache_selected_30x30_@1x.png in Resources */,
				BC682F1A1DBF5E110025B976 /* ic_tab_member_27x27_@2x.png in Resources */,
				BCE598DA1DD5F1A000A69B1E /* default_head_51x51_@3x.png in Resources */,
				BC16EDCA1DD079D400E9D08B /* more_icon.png in Resources */,
				BCC8C9A31DDC0A730022DDB7 /* details_share_weixinfriend_53x52_@1x.png in Resources */,
				BCF734F71DD5FBEE004C0600 /* btn_rss_rss_normal_66x26_@1x.png in Resources */,
				BC682F251DBF5E110025B976 /* ic_tab_rss_27x27_@2x.png in Resources */,
				BCC8C9A41DDC0A730022DDB7 /* details_share_weixinfriend_nopoint_53x52_@1x.png in Resources */,
				BC813AFA1DD1B2ED00291B0F /* ic_ipad_close.png in Resources */,
				BCF735141DD60F2C004C0600 /* btn_card_allfollow_75x23_@2x.png in Resources */,
				BC682F321DBF5E110025B976 /* tab_26_up@2x.png in Resources */,
				BCE598E51DD5F1F700A69B1E /* detail_share_selected_30x30_@1x.png in Resources */,
				BC682F2D1DBF5E110025B976 /* tab_9_up@2x.png in Resources */,
				BC682F2E1DBF5E110025B976 /* tab_10_up@2x.png in Resources */,
				BCF735051DD60171004C0600 /* witch_206x250_@2x.png in Resources */,
				BCF734FF1DD5FEAD004C0600 /* ic_my_fav_22x22_@3x.png in Resources */,
				BCF734F31DD5FA8D004C0600 /* home_cache_notselected_64x49_@1x.png in Resources */,
				BC682F2F1DBF5E110025B976 /* tab_15_up@2x.png in Resources */,
				BC682F221DBF5E110025B976 /* ic_tab_my_select_27x27_@2x.png in Resources */,
				BCF7350C1DD60C3C004C0600 /* cache_233x348_@2x.png in Resources */,
				BCF735131DD60F2B004C0600 /* btn_card_allfollow_75x23_@1x.png in Resources */,
				BCB781501DC0CC16008C7AE9 /* HomePageHotCell.xib in Resources */,
				BCC8C9B01DDC15E50022DDB7 /* bg_show_qishu_320x50_@2x.png in Resources */,
				BC682F2A1DBF5E110025B976 /* tab_1_up@2x.png in Resources */,
				BCA06F191DD303B200C8BA98 /* 0.png in Resources */,
				BC682F281DBF5E110025B976 /* ic_tab_rss_select_27x27_@2x.png in Resources */,
				BCF734FB1DD5FC45004C0600 /* detail_share_30x30_@2x.png in Resources */,
				BCF3FE321DBA20770015EDCD /* Assets.xcassets in Resources */,
				BC688F0D1DDC7BFE0094978F /* guideImage2_640x960_@1x.png in Resources */,
				BCF734F51DD5FAE6004C0600 /* 38bg_failed_black@2x.png in Resources */,
				BCC8C9A01DDC0A730022DDB7 /* details_share_weibo_nopoint_53x52_@1x.png in Resources */,
				BC682F311DBF5E110025B976 /* tab_22_up@2x.png in Resources */,
				BCF3FE301DBA20770015EDCD /* Main.storyboard in Resources */,
				BC682F0F1DBF5E110025B976 /* ic_tab_discover_27x27_@2x.png in Resources */,
				BCF735031DD5FEE5004C0600 /* ic_my_upload_22x22_@3x.png in Resources */,
				BCE598D81DD5F1A000A69B1E /* default_head_51x51_@1x.png in Resources */,
				BCC8C98A1DDC0A200022DDB7 /* details_share_qzone_53x52_@1x.png in Resources */,
				BC682F1C1DBF5E110025B976 /* ic_tab_member_select_27x27_@2x.png in Resources */,
			);
			runOnlyForDeploymentPostprocessing = 0;
		};
		BCF3FE391DBA20780015EDCD /* Resources */ = {
			isa = PBXResourcesBuildPhase;
			buildActionMask = 2147483647;
			files = (
			);
			runOnlyForDeploymentPostprocessing = 0;
		};
		BCF3FE441DBA20780015EDCD /* Resources */ = {
			isa = PBXResourcesBuildPhase;
			buildActionMask = 2147483647;
			files = (
			);
			runOnlyForDeploymentPostprocessing = 0;
		};
/* End PBXResourcesBuildPhase section */

/* Begin PBXShellScriptBuildPhase section */
		7511EAD2B46451D2385FD7E9 /* [CP] Check Pods Manifest.lock */ = {
			isa = PBXShellScriptBuildPhase;
			buildActionMask = 2147483647;
			files = (
			);
			inputPaths = (
			);
			name = "[CP] Check Pods Manifest.lock";
			outputPaths = (
			);
			runOnlyForDeploymentPostprocessing = 0;
			shellPath = /bin/sh;
			shellScript = "diff \"${PODS_ROOT}/../Podfile.lock\" \"${PODS_ROOT}/Manifest.lock\" > /dev/null\nif [[ $? != 0 ]] ; then\n    cat << EOM\nerror: The sandbox is not in sync with the Podfile.lock. Run 'pod install' or update your CocoaPods installation.\nEOM\n    exit 1\nfi\n";
			showEnvVarsInLog = 0;
		};
		9B13B01A5E01594341674592 /* [CP] Copy Pods Resources */ = {
			isa = PBXShellScriptBuildPhase;
			buildActionMask = 2147483647;
			files = (
			);
			inputPaths = (
			);
			name = "[CP] Copy Pods Resources";
			outputPaths = (
			);
			runOnlyForDeploymentPostprocessing = 0;
			shellPath = /bin/sh;
			shellScript = "\"${SRCROOT}/Pods/Target Support Files/Pods-WangyuxiangLivevideo/Pods-WangyuxiangLivevideo-resources.sh\"\n";
			showEnvVarsInLog = 0;
		};
		AC87A8B676621986D9BAF4F3 /* [CP] Embed Pods Frameworks */ = {
			isa = PBXShellScriptBuildPhase;
			buildActionMask = 2147483647;
			files = (
			);
			inputPaths = (
			);
			name = "[CP] Embed Pods Frameworks";
			outputPaths = (
			);
			runOnlyForDeploymentPostprocessing = 0;
			shellPath = /bin/sh;
			shellScript = "\"${SRCROOT}/Pods/Target Support Files/Pods-WangyuxiangLivevideo/Pods-WangyuxiangLivevideo-frameworks.sh\"\n";
			showEnvVarsInLog = 0;
		};
/* End PBXShellScriptBuildPhase section */

/* Begin PBXSourcesBuildPhase section */
		BCF3FE231DBA20770015EDCD /* Sources */ = {
			isa = PBXSourcesBuildPhase;
			buildActionMask = 2147483647;
			files = (
				BCDF63B31DD9DC0400F5BD8E /* TableViewCell1.swift in Sources */,
				BCC8C9AA1DDC0B5D0022DDB7 /* HistoryViewController.swift in Sources */,
				BC7038691DD35A740019D4A9 /* ProfileCell.swift in Sources */,
				BC8368B41DCCC857007828FD /* UILabel+Common.swift in Sources */,
				BCB781541DC0F0B8008C7AE9 /* HomePageHeaderView.swift in Sources */,
				BC8368B61DCCC9CE007828FD /* UIButton+Common.swift in Sources */,
				BCA06F1F1DD315B600C8BA98 /* FourDetailViewController1.swift in Sources */,
				BC16EDCF1DD0B07A00E9D08B /* firstCell.swift in Sources */,
				BC8368AE1DCCC314007828FD /* subscriptionView.swift in Sources */,
				BCB63B0B1DC48392000B79C6 /* FourCell.swift in Sources */,
				BC8368B01DCCC784007828FD /* KtcSegCtrl.swift in Sources */,
				BC8368AC1DCCAA54007828FD /* HiddenTabViewController.swift in Sources */,
				BCC54D351DCA01F6001D9806 /* DetailViewController.swift in Sources */,
				BCD916C11DD4A8CC00C4B891 /* CollectView.swift in Sources */,
				BCA06F231DD31D1100C8BA98 /* HeaderReusableView.swift in Sources */,
				BCF3FE2D1DBA20770015EDCD /* ViewController.swift in Sources */,
				BCB7814F1DC0CC16008C7AE9 /* HomePageHotCell.swift in Sources */,
				BC682F791DBF9D660025B976 /* HomePageView.swift in Sources */,
				BC2547C51DBE30E80090C718 /* Theme.swift in Sources */,
				BCF7350F1DD60C71004C0600 /* EnshrineViewController.swift in Sources */,
				BCD916C31DD4C21F00C4B891 /* CollectHeaderView1.swift in Sources */,
				BC5EFF5B1DC8519E00A467AE /* TwoCell.swift in Sources */,
				BCEEB4401DBE578200407B15 /* HomePageViewController.swift in Sources */,
				BCD7E3CC1DC7318E00584275 /* FourLabelCell.swift in Sources */,
				BCF3FE7E1DBA32290015EDCD /* HomePageModel.swift in Sources */,
				BC682F391DBF5EFF0025B976 /* SubscibeViewController.swift in Sources */,
				BC813AFE1DD1C70200291B0F /* FourImageModel.swift in Sources */,
				BCB1F5921DD0D30E00A2C971 /* fourImageView.swift in Sources */,
				BC682F7C1DBF9E0A0025B976 /* Slideareacell.swift in Sources */,
				BCACBAC51DC33F7000DDF48A /* AllCell.swift in Sources */,
				BC9730421DCDB29E00B65E84 /* FirstModel.swift in Sources */,
				BC813B011DD1D0B400291B0F /* FourCollectionViewCell.swift in Sources */,
				BCC8C9881DDC09200022DDB7 /* firstModel1.swift in Sources */,
				BCF3FE2B1DBA20770015EDCD /* AppDelegate.swift in Sources */,
				BC682F3D1DBF5F270025B976 /* ProfileViewController.swift in Sources */,
				BCC8C9A61DDC0AD90022DDB7 /* ShareViewController.swift in Sources */,
				BCC8C9A81DDC0B0A0022DDB7 /* EnterViewController.swift in Sources */,
				BCEEB4421DBE57CD00407B15 /* MainTabBarViewController.swift in Sources */,
				BC7038BF1DD360AE0019D4A9 /* GuideViewController.swift in Sources */,
				BCBB16C21DBDA8AC00BAA408 /* RefreshProtocol.swift in Sources */,
				BC682F7F1DBFAB820025B976 /* UIView+Common.swift in Sources */,
				BCD916BF1DD4A4FA00C4B891 /* CollectModel.swift in Sources */,
				BC682F3B1DBF5F160025B976 /* DiscoverViewController.swift in Sources */,
				BCEEB43E1DBE56E500407B15 /* BaseViewController.swift in Sources */,
				BCB63B081DC43B8D000B79C6 /* AllHeardView.swift in Sources */,
				BCBB16C01DBDA89700BAA408 /* NavigationBarProtocol.swift in Sources */,
			);
			runOnlyForDeploymentPostprocessing = 0;
		};
		BCF3FE371DBA20780015EDCD /* Sources */ = {
			isa = PBXSourcesBuildPhase;
			buildActionMask = 2147483647;
			files = (
				BCF3FE401DBA20780015EDCD /* WangyuxiangLivevideoTests.swift in Sources */,
			);
			runOnlyForDeploymentPostprocessing = 0;
		};
		BCF3FE421DBA20780015EDCD /* Sources */ = {
			isa = PBXSourcesBuildPhase;
			buildActionMask = 2147483647;
			files = (
				BCF3FE4B1DBA20780015EDCD /* WangyuxiangLivevideoUITests.swift in Sources */,
			);
			runOnlyForDeploymentPostprocessing = 0;
		};
/* End PBXSourcesBuildPhase section */

/* Begin PBXTargetDependency section */
		BCF3FE3D1DBA20780015EDCD /* PBXTargetDependency */ = {
			isa = PBXTargetDependency;
			target = BCF3FE261DBA20770015EDCD /* WangyuxiangLivevideo */;
			targetProxy = BCF3FE3C1DBA20780015EDCD /* PBXContainerItemProxy */;
		};
		BCF3FE481DBA20780015EDCD /* PBXTargetDependency */ = {
			isa = PBXTargetDependency;
			target = BCF3FE261DBA20770015EDCD /* WangyuxiangLivevideo */;
			targetProxy = BCF3FE471DBA20780015EDCD /* PBXContainerItemProxy */;
		};
/* End PBXTargetDependency section */

/* Begin PBXVariantGroup section */
		BCF3FE2E1DBA20770015EDCD /* Main.storyboard */ = {
			isa = PBXVariantGroup;
			children = (
				BCF3FE2F1DBA20770015EDCD /* Base */,
			);
			name = Main.storyboard;
			sourceTree = "<group>";
		};
		BCF3FE331DBA20770015EDCD /* LaunchScreen.storyboard */ = {
			isa = PBXVariantGroup;
			children = (
				BCF3FE341DBA20770015EDCD /* Base */,
			);
			name = LaunchScreen.storyboard;
			sourceTree = "<group>";
		};
/* End PBXVariantGroup section */

/* Begin XCBuildConfiguration section */
		BCF3FE4D1DBA20780015EDCD /* Debug */ = {
			isa = XCBuildConfiguration;
			buildSettings = {
				ALWAYS_SEARCH_USER_PATHS = NO;
				CLANG_ANALYZER_NONNULL = YES;
				CLANG_CXX_LANGUAGE_STANDARD = "gnu++0x";
				CLANG_CXX_LIBRARY = "libc++";
				CLANG_ENABLE_MODULES = YES;
				CLANG_ENABLE_OBJC_ARC = YES;
				CLANG_WARN_BOOL_CONVERSION = YES;
				CLANG_WARN_CONSTANT_CONVERSION = YES;
				CLANG_WARN_DIRECT_OBJC_ISA_USAGE = YES_ERROR;
				CLANG_WARN_EMPTY_BODY = YES;
				CLANG_WARN_ENUM_CONVERSION = YES;
				CLANG_WARN_INT_CONVERSION = YES;
				CLANG_WARN_OBJC_ROOT_CLASS = YES_ERROR;
				CLANG_WARN_UNREACHABLE_CODE = YES;
				CLANG_WARN__DUPLICATE_METHOD_MATCH = YES;
				"CODE_SIGN_IDENTITY[sdk=iphoneos*]" = "iPhone Developer";
				COPY_PHASE_STRIP = NO;
				DEBUG_INFORMATION_FORMAT = dwarf;
				ENABLE_STRICT_OBJC_MSGSEND = YES;
				ENABLE_TESTABILITY = YES;
				GCC_C_LANGUAGE_STANDARD = gnu99;
				GCC_DYNAMIC_NO_PIC = NO;
				GCC_NO_COMMON_BLOCKS = YES;
				GCC_OPTIMIZATION_LEVEL = 0;
				GCC_PREPROCESSOR_DEFINITIONS = (
					"DEBUG=1",
					"$(inherited)",
				);
				GCC_WARN_64_TO_32_BIT_CONVERSION = YES;
				GCC_WARN_ABOUT_RETURN_TYPE = YES_ERROR;
				GCC_WARN_UNDECLARED_SELECTOR = YES;
				GCC_WARN_UNINITIALIZED_AUTOS = YES_AGGRESSIVE;
				GCC_WARN_UNUSED_FUNCTION = YES;
				GCC_WARN_UNUSED_VARIABLE = YES;
				IPHONEOS_DEPLOYMENT_TARGET = 9.3;
				MTL_ENABLE_DEBUG_INFO = YES;
				ONLY_ACTIVE_ARCH = YES;
				SDKROOT = iphoneos;
				SWIFT_OBJC_BRIDGING_HEADER = WangyuxiangLivevideo/BridgeHeader.h;
				SWIFT_OPTIMIZATION_LEVEL = "-Onone";
			};
			name = Debug;
		};
		BCF3FE4E1DBA20780015EDCD /* Release */ = {
			isa = XCBuildConfiguration;
			buildSettings = {
				ALWAYS_SEARCH_USER_PATHS = NO;
				CLANG_ANALYZER_NONNULL = YES;
				CLANG_CXX_LANGUAGE_STANDARD = "gnu++0x";
				CLANG_CXX_LIBRARY = "libc++";
				CLANG_ENABLE_MODULES = YES;
				CLANG_ENABLE_OBJC_ARC = YES;
				CLANG_WARN_BOOL_CONVERSION = YES;
				CLANG_WARN_CONSTANT_CONVERSION = YES;
				CLANG_WARN_DIRECT_OBJC_ISA_USAGE = YES_ERROR;
				CLANG_WARN_EMPTY_BODY = YES;
				CLANG_WARN_ENUM_CONVERSION = YES;
				CLANG_WARN_INT_CONVERSION = YES;
				CLANG_WARN_OBJC_ROOT_CLASS = YES_ERROR;
				CLANG_WARN_UNREACHABLE_CODE = YES;
				CLANG_WARN__DUPLICATE_METHOD_MATCH = YES;
				"CODE_SIGN_IDENTITY[sdk=iphoneos*]" = "iPhone Developer";
				COPY_PHASE_STRIP = NO;
				DEBUG_INFORMATION_FORMAT = "dwarf-with-dsym";
				ENABLE_NS_ASSERTIONS = NO;
				ENABLE_STRICT_OBJC_MSGSEND = YES;
				GCC_C_LANGUAGE_STANDARD = gnu99;
				GCC_NO_COMMON_BLOCKS = YES;
				GCC_WARN_64_TO_32_BIT_CONVERSION = YES;
				GCC_WARN_ABOUT_RETURN_TYPE = YES_ERROR;
				GCC_WARN_UNDECLARED_SELECTOR = YES;
				GCC_WARN_UNINITIALIZED_AUTOS = YES_AGGRESSIVE;
				GCC_WARN_UNUSED_FUNCTION = YES;
				GCC_WARN_UNUSED_VARIABLE = YES;
				IPHONEOS_DEPLOYMENT_TARGET = 9.3;
				MTL_ENABLE_DEBUG_INFO = NO;
				SDKROOT = iphoneos;
				SWIFT_OBJC_BRIDGING_HEADER = WangyuxiangLivevideo/BridgeHeader.h;
				VALIDATE_PRODUCT = YES;
			};
			name = Release;
		};
		BCF3FE501DBA20780015EDCD /* Debug */ = {
			isa = XCBuildConfiguration;
			baseConfigurationReference = F0C18AF2C5235586CC588E18 /* Pods-WangyuxiangLivevideo.debug.xcconfig */;
			buildSettings = {
				ASSETCATALOG_COMPILER_APPICON_NAME = AppIcon;
				ASSETCATALOG_COMPILER_LAUNCHIMAGE_NAME = LaunchImage;
				CODE_SIGN_IDENTITY = "iPhone Developer";
				INFOPLIST_FILE = WangyuxiangLivevideo/Info.plist;
				LD_RUNPATH_SEARCH_PATHS = "$(inherited) @executable_path/Frameworks";
				PRODUCT_BUNDLE_IDENTIFIER = "-980681359.WangyuxiangLivevideo";
				PRODUCT_NAME = "$(TARGET_NAME)";
			};
			name = Debug;
		};
		BCF3FE511DBA20780015EDCD /* Release */ = {
			isa = XCBuildConfiguration;
			baseConfigurationReference = BDF115D6F5943F055F2BD878 /* Pods-WangyuxiangLivevideo.release.xcconfig */;
			buildSettings = {
				ASSETCATALOG_COMPILER_APPICON_NAME = AppIcon;
				ASSETCATALOG_COMPILER_LAUNCHIMAGE_NAME = LaunchImage;
				CODE_SIGN_IDENTITY = "iPhone Developer";
				INFOPLIST_FILE = WangyuxiangLivevideo/Info.plist;
				LD_RUNPATH_SEARCH_PATHS = "$(inherited) @executable_path/Frameworks";
				PRODUCT_BUNDLE_IDENTIFIER = "-980681359.WangyuxiangLivevideo";
				PRODUCT_NAME = "$(TARGET_NAME)";
			};
			name = Release;
		};
		BCF3FE531DBA20780015EDCD /* Debug */ = {
			isa = XCBuildConfiguration;
			buildSettings = {
				BUNDLE_LOADER = "$(TEST_HOST)";
				INFOPLIST_FILE = WangyuxiangLivevideoTests/Info.plist;
				LD_RUNPATH_SEARCH_PATHS = "$(inherited) @executable_path/Frameworks @loader_path/Frameworks";
				PRODUCT_BUNDLE_IDENTIFIER = "-980681359.WangyuxiangLivevideoTests";
				PRODUCT_NAME = "$(TARGET_NAME)";
				TEST_HOST = "$(BUILT_PRODUCTS_DIR)/WangyuxiangLivevideo.app/WangyuxiangLivevideo";
			};
			name = Debug;
		};
		BCF3FE541DBA20780015EDCD /* Release */ = {
			isa = XCBuildConfiguration;
			buildSettings = {
				BUNDLE_LOADER = "$(TEST_HOST)";
				INFOPLIST_FILE = WangyuxiangLivevideoTests/Info.plist;
				LD_RUNPATH_SEARCH_PATHS = "$(inherited) @executable_path/Frameworks @loader_path/Frameworks";
				PRODUCT_BUNDLE_IDENTIFIER = "-980681359.WangyuxiangLivevideoTests";
				PRODUCT_NAME = "$(TARGET_NAME)";
				TEST_HOST = "$(BUILT_PRODUCTS_DIR)/WangyuxiangLivevideo.app/WangyuxiangLivevideo";
			};
			name = Release;
		};
		BCF3FE561DBA20780015EDCD /* Debug */ = {
			isa = XCBuildConfiguration;
			buildSettings = {
				INFOPLIST_FILE = WangyuxiangLivevideoUITests/Info.plist;
				LD_RUNPATH_SEARCH_PATHS = "$(inherited) @executable_path/Frameworks @loader_path/Frameworks";
				PRODUCT_BUNDLE_IDENTIFIER = "-980681359.WangyuxiangLivevideoUITests";
				PRODUCT_NAME = "$(TARGET_NAME)";
				TEST_TARGET_NAME = WangyuxiangLivevideo;
			};
			name = Debug;
		};
		BCF3FE571DBA20780015EDCD /* Release */ = {
			isa = XCBuildConfiguration;
			buildSettings = {
				INFOPLIST_FILE = WangyuxiangLivevideoUITests/Info.plist;
				LD_RUNPATH_SEARCH_PATHS = "$(inherited) @executable_path/Frameworks @loader_path/Frameworks";
				PRODUCT_BUNDLE_IDENTIFIER = "-980681359.WangyuxiangLivevideoUITests";
				PRODUCT_NAME = "$(TARGET_NAME)";
				TEST_TARGET_NAME = WangyuxiangLivevideo;
			};
			name = Release;
		};
/* End XCBuildConfiguration section */

/* Begin XCConfigurationList section */
		BCF3FE221DBA20770015EDCD /* Build configuration list for PBXProject "WangyuxiangLivevideo" */ = {
			isa = XCConfigurationList;
			buildConfigurations = (
				BCF3FE4D1DBA20780015EDCD /* Debug */,
				BCF3FE4E1DBA20780015EDCD /* Release */,
			);
			defaultConfigurationIsVisible = 0;
			defaultConfigurationName = Release;
		};
		BCF3FE4F1DBA20780015EDCD /* Build configuration list for PBXNativeTarget "WangyuxiangLivevideo" */ = {
			isa = XCConfigurationList;
			buildConfigurations = (
				BCF3FE501DBA20780015EDCD /* Debug */,
				BCF3FE511DBA20780015EDCD /* Release */,
			);
			defaultConfigurationIsVisible = 0;
			defaultConfigurationName = Release;
		};
		BCF3FE521DBA20780015EDCD /* Build configuration list for PBXNativeTarget "WangyuxiangLivevideoTests" */ = {
			isa = XCConfigurationList;
			buildConfigurations = (
				BCF3FE531DBA20780015EDCD /* Debug */,
				BCF3FE541DBA20780015EDCD /* Release */,
			);
			defaultConfigurationIsVisible = 0;
			defaultConfigurationName = Release;
		};
		BCF3FE551DBA20780015EDCD /* Build configuration list for PBXNativeTarget "WangyuxiangLivevideoUITests" */ = {
			isa = XCConfigurationList;
			buildConfigurations = (
				BCF3FE561DBA20780015EDCD /* Debug */,
				BCF3FE571DBA20780015EDCD /* Release */,
			);
			defaultConfigurationIsVisible = 0;
			defaultConfigurationName = Release;
		};
/* End XCConfigurationList section */
	};
	rootObject = BCF3FE1F1DBA20770015EDCD /* Project object */;
}
